// !$*UTF8*$!
{
	archiveVersion = 1;
	classes = {
	};
	objectVersion = 50;
	objects = {

/* Begin PBXBuildFile section */
		61A4446622B743B100D4976E /* AppDelegate.m in Sources */ = {isa = PBXBuildFile; fileRef = 61A4446522B743B100D4976E /* AppDelegate.m */; };
		61A4446922B743B100D4976E /* ViewController.m in Sources */ = {isa = PBXBuildFile; fileRef = 61A4446822B743B100D4976E /* ViewController.m */; };
		61A4446C22B743B100D4976E /* Main.storyboard in Resources */ = {isa = PBXBuildFile; fileRef = 61A4446A22B743B100D4976E /* Main.storyboard */; };
		61A4446E22B743B300D4976E /* Assets.xcassets in Resources */ = {isa = PBXBuildFile; fileRef = 61A4446D22B743B300D4976E /* Assets.xcassets */; };
		61A4447122B743B300D4976E /* LaunchScreen.storyboard in Resources */ = {isa = PBXBuildFile; fileRef = 61A4446F22B743B300D4976E /* LaunchScreen.storyboard */; };
		61A4447422B743B300D4976E /* main.m in Sources */ = {isa = PBXBuildFile; fileRef = 61A4447322B743B300D4976E /* main.m */; };
		61A4447E22B743B300D4976E /* WXCategoriesTests.m in Sources */ = {isa = PBXBuildFile; fileRef = 61A4447D22B743B300D4976E /* WXCategoriesTests.m */; };
		61A4448922B743B300D4976E /* WXCategoriesUITests.m in Sources */ = {isa = PBXBuildFile; fileRef = 61A4448822B743B300D4976E /* WXCategoriesUITests.m */; };
		61A444EE22B7454600D4976E /* UIAlertView+WX.m in Sources */ = {isa = PBXBuildFile; fileRef = 61A4449722B7454600D4976E /* UIAlertView+WX.m */; };
		61A444EF22B7454600D4976E /* UIStoryboard+WX.m in Sources */ = {isa = PBXBuildFile; fileRef = 61A4449822B7454600D4976E /* UIStoryboard+WX.m */; };
		61A444F022B7454600D4976E /* UIApplicationCustomConstant.m in Sources */ = {isa = PBXBuildFile; fileRef = 61A4449C22B7454600D4976E /* UIApplicationCustomConstant.m */; };
		61A444F122B7454600D4976E /* UIApplication+Url.m in Sources */ = {isa = PBXBuildFile; fileRef = 61A4449F22B7454600D4976E /* UIApplication+Url.m */; };
		61A444F222B7454600D4976E /* UIApplication+WX.m in Sources */ = {isa = PBXBuildFile; fileRef = 61A444A022B7454600D4976E /* UIApplication+WX.m */; };
		61A444F322B7454600D4976E /* UIAlertController+Alert.m in Sources */ = {isa = PBXBuildFile; fileRef = 61A444A222B7454600D4976E /* UIAlertController+Alert.m */; };
		61A444F422B7454600D4976E /* UIButton+Image.m in Sources */ = {isa = PBXBuildFile; fileRef = 61A444A422B7454600D4976E /* UIButton+Image.m */; };
		61A444F522B7454600D4976E /* UIButton+ImageName.m in Sources */ = {isa = PBXBuildFile; fileRef = 61A444A622B7454600D4976E /* UIButton+ImageName.m */; };
		61A444F622B7454600D4976E /* UIButton+IBLayerTitle.m in Sources */ = {isa = PBXBuildFile; fileRef = 61A444A722B7454600D4976E /* UIButton+IBLayerTitle.m */; };
		61A444F722B7454600D4976E /* UIButton+TitleColor.m in Sources */ = {isa = PBXBuildFile; fileRef = 61A444AC22B7454600D4976E /* UIButton+TitleColor.m */; };
		61A444F822B7454600D4976E /* UIButton+EventInterval.m in Sources */ = {isa = PBXBuildFile; fileRef = 61A444AD22B7454600D4976E /* UIButton+EventInterval.m */; };
		61A444F922B7454600D4976E /* UIButton+WX.m in Sources */ = {isa = PBXBuildFile; fileRef = 61A444B022B7454600D4976E /* UIButton+WX.m */; };
		61A444FA22B7454600D4976E /* UIButton+Util.m in Sources */ = {isa = PBXBuildFile; fileRef = 61A444B122B7454600D4976E /* UIButton+Util.m */; };
		61A444FB22B7454600D4976E /* UITableViewCell+ClassName.m in Sources */ = {isa = PBXBuildFile; fileRef = 61A444B222B7454600D4976E /* UITableViewCell+ClassName.m */; };
		61A444FC22B7454600D4976E /* UINib+WXConstructor.m in Sources */ = {isa = PBXBuildFile; fileRef = 61A444B322B7454600D4976E /* UINib+WXConstructor.m */; };
		61A444FD22B7454600D4976E /* UIBarButtonItem+WX.m in Sources */ = {isa = PBXBuildFile; fileRef = 61A444B422B7454600D4976E /* UIBarButtonItem+WX.m */; };
		61A444FE22B7454600D4976E /* UIView+WX.m in Sources */ = {isa = PBXBuildFile; fileRef = 61A444BA22B7454600D4976E /* UIView+WX.m */; };
		61A444FF22B7454600D4976E /* UIView+WXNIb.m in Sources */ = {isa = PBXBuildFile; fileRef = 61A444BB22B7454600D4976E /* UIView+WXNIb.m */; };
		61A4450022B7454600D4976E /* UIView+WXFrame.m in Sources */ = {isa = PBXBuildFile; fileRef = 61A444BC22B7454600D4976E /* UIView+WXFrame.m */; };
		61A4450122B7454600D4976E /* UIView+WXCenter.m in Sources */ = {isa = PBXBuildFile; fileRef = 61A444BD22B7454600D4976E /* UIView+WXCenter.m */; };
		61A4450222B7454600D4976E /* UIView+IBLayer.m in Sources */ = {isa = PBXBuildFile; fileRef = 61A444BE22B7454600D4976E /* UIView+IBLayer.m */; };
		61A4450322B7454600D4976E /* UIImageView+WX.m in Sources */ = {isa = PBXBuildFile; fileRef = 61A444C322B7454600D4976E /* UIImageView+WX.m */; };
		61A4450422B7454600D4976E /* UIImage+WX.m in Sources */ = {isa = PBXBuildFile; fileRef = 61A444C422B7454600D4976E /* UIImage+WX.m */; };
		61A4450522B7454600D4976E /* UITableView+WX.m in Sources */ = {isa = PBXBuildFile; fileRef = 61A444C522B7454600D4976E /* UITableView+WX.m */; };
		61A4450622B7454600D4976E /* UIAlertController+WX.m in Sources */ = {isa = PBXBuildFile; fileRef = 61A444C722B7454600D4976E /* UIAlertController+WX.m */; };
		61A4450722B7454600D4976E /* UIImage+Rotate_Flip.m in Sources */ = {isa = PBXBuildFile; fileRef = 61A444C822B7454600D4976E /* UIImage+Rotate_Flip.m */; };
		61A4450822B7454600D4976E /* UIActionSheet+WX.m in Sources */ = {isa = PBXBuildFile; fileRef = 61A444C922B7454600D4976E /* UIActionSheet+WX.m */; };
		61A4450922B7454600D4976E /* UITextField+WX.m in Sources */ = {isa = PBXBuildFile; fileRef = 61A444CB22B7454600D4976E /* UITextField+WX.m */; };
		61A4450A22B7454600D4976E /* UIWebView+WX.m in Sources */ = {isa = PBXBuildFile; fileRef = 61A444CC22B7454600D4976E /* UIWebView+WX.m */; };
		61A4450B22B7454600D4976E /* UIViewController+Notification.m in Sources */ = {isa = PBXBuildFile; fileRef = 61A444CE22B7454600D4976E /* UIViewController+Notification.m */; };
		61A4450C22B7454600D4976E /* UIViewController+WX.m in Sources */ = {isa = PBXBuildFile; fileRef = 61A444CF22B7454600D4976E /* UIViewController+WX.m */; };
		61A4450D22B7454600D4976E /* UIViewController+BackToViewController.m in Sources */ = {isa = PBXBuildFile; fileRef = 61A444D022B7454600D4976E /* UIViewController+BackToViewController.m */; };
		61A4450E22B7454600D4976E /* UINavigationController+WXInitModel.m in Sources */ = {isa = PBXBuildFile; fileRef = 61A444D722B7454600D4976E /* UINavigationController+WXInitModel.m */; };
		61A4450F22B7454600D4976E /* UINavigationController+WX.m in Sources */ = {isa = PBXBuildFile; fileRef = 61A444D822B7454600D4976E /* UINavigationController+WX.m */; };
		61A4451022B7454600D4976E /* WXUINavigationControllerInitInfo.m in Sources */ = {isa = PBXBuildFile; fileRef = 61A444DA22B7454600D4976E /* WXUINavigationControllerInitInfo.m */; };
		61A4451122B7454600D4976E /* UITabBarItem+WX.m in Sources */ = {isa = PBXBuildFile; fileRef = 61A444DD22B7454600D4976E /* UITabBarItem+WX.m */; };
		61A4451222B7454600D4976E /* UIImage+WXOriginal.m in Sources */ = {isa = PBXBuildFile; fileRef = 61A444DE22B7454600D4976E /* UIImage+WXOriginal.m */; };
		61A4451322B7454600D4976E /* UIColor+WX.m in Sources */ = {isa = PBXBuildFile; fileRef = 61A444E022B7454600D4976E /* UIColor+WX.m */; };
		61A4451422B7454600D4976E /* UIDatePicker+WX.m in Sources */ = {isa = PBXBuildFile; fileRef = 61A444E322B7454600D4976E /* UIDatePicker+WX.m */; };
		61A4451522B7454600D4976E /* UICollectionView+WX.m in Sources */ = {isa = PBXBuildFile; fileRef = 61A444E622B7454600D4976E /* UICollectionView+WX.m */; };
		61A4451622B7454600D4976E /* UINavigationBar+WX.m in Sources */ = {isa = PBXBuildFile; fileRef = 61A444EB22B7454600D4976E /* UINavigationBar+WX.m */; };
		61A4458122B7456200D4976E /* AVAudioPlayer+WX.m in Sources */ = {isa = PBXBuildFile; fileRef = 61A4451822B7456100D4976E /* AVAudioPlayer+WX.m */; };
		61A4458222B7456200D4976E /* AVURLAsset+WX.m in Sources */ = {isa = PBXBuildFile; fileRef = 61A4451922B7456100D4976E /* AVURLAsset+WX.m */; };
		61A4458322B7456200D4976E /* UIImage+FPOriginal.m in Sources */ = {isa = PBXBuildFile; fileRef = 61A4451E22B7456100D4976E /* UIImage+FPOriginal.m */; };
		61A4458422B7456200D4976E /* UIButton+FPTitle.m in Sources */ = {isa = PBXBuildFile; fileRef = 61A4452022B7456100D4976E /* UIButton+FPTitle.m */; };
		61A4458522B7456200D4976E /* UIView+FPSetCenter.m in Sources */ = {isa = PBXBuildFile; fileRef = 61A4452122B7456100D4976E /* UIView+FPSetCenter.m */; };
		61A4458622B7456200D4976E /* UIView+FPLayer.m in Sources */ = {isa = PBXBuildFile; fileRef = 61A4452222B7456100D4976E /* UIView+FPLayer.m */; };
		61A4458722B7456200D4976E /* UIView+FPConstructor.m in Sources */ = {isa = PBXBuildFile; fileRef = 61A4452322B7456100D4976E /* UIView+FPConstructor.m */; };
		61A4458822B7456200D4976E /* UIView+FPGetFrame.m in Sources */ = {isa = PBXBuildFile; fileRef = 61A4452422B7456100D4976E /* UIView+FPGetFrame.m */; };
		61A4458922B7456200D4976E /* UIButton+FPLayer.m in Sources */ = {isa = PBXBuildFile; fileRef = 61A4452522B7456100D4976E /* UIButton+FPLayer.m */; };
		61A4458A22B7456200D4976E /* UIColor+FPAlpha.m in Sources */ = {isa = PBXBuildFile; fileRef = 61A4452622B7456100D4976E /* UIColor+FPAlpha.m */; };
		61A4458B22B7456200D4976E /* UIView+FPSetFrame.m in Sources */ = {isa = PBXBuildFile; fileRef = 61A4452722B7456100D4976E /* UIView+FPSetFrame.m */; };
		61A4458C22B7456200D4976E /* UIScreen+FPBounds.m in Sources */ = {isa = PBXBuildFile; fileRef = 61A4452822B7456100D4976E /* UIScreen+FPBounds.m */; };
		61A4458D22B7456200D4976E /* NSString+FPSandBox.m in Sources */ = {isa = PBXBuildFile; fileRef = 61A4453322B7456100D4976E /* NSString+FPSandBox.m */; };
		61A4458E22B7456200D4976E /* NSString+FPMutableAttributedString.m in Sources */ = {isa = PBXBuildFile; fileRef = 61A4453522B7456100D4976E /* NSString+FPMutableAttributedString.m */; };
		61A4458F22B7456200D4976E /* NSDictionary+FPPrintChinese.m in Sources */ = {isa = PBXBuildFile; fileRef = 61A4453622B7456100D4976E /* NSDictionary+FPPrintChinese.m */; };
		61A4459022B7456200D4976E /* NSArray+FPPrintChinese.m in Sources */ = {isa = PBXBuildFile; fileRef = 61A4453722B7456100D4976E /* NSArray+FPPrintChinese.m */; };
		61A4459122B7456200D4976E /* NSDictionary+WX.m in Sources */ = {isa = PBXBuildFile; fileRef = 61A4453D22B7456100D4976E /* NSDictionary+WX.m */; };
		61A4459222B7456200D4976E /* NSDictionary+PrintChinese.m in Sources */ = {isa = PBXBuildFile; fileRef = 61A4453E22B7456100D4976E /* NSDictionary+PrintChinese.m */; };
		61A4459322B7456200D4976E /* NSCalendar+WX.m in Sources */ = {isa = PBXBuildFile; fileRef = 61A4454122B7456100D4976E /* NSCalendar+WX.m */; };
		61A4459422B7456200D4976E /* NSDate+WX.m in Sources */ = {isa = PBXBuildFile; fileRef = 61A4454222B7456100D4976E /* NSDate+WX.m */; };
		61A4459522B7456200D4976E /* NSBundle+Visual.m in Sources */ = {isa = PBXBuildFile; fileRef = 61A4454422B7456100D4976E /* NSBundle+Visual.m */; };
		61A4459622B7456200D4976E /* NSBundle+WX.m in Sources */ = {isa = PBXBuildFile; fileRef = 61A4454522B7456100D4976E /* NSBundle+WX.m */; };
		61A4459722B7456200D4976E /* NSString+notEmpty.m in Sources */ = {isa = PBXBuildFile; fileRef = 61A4454622B7456100D4976E /* NSString+notEmpty.m */; };
		61A4459822B7456200D4976E /* NSBundle+XYLanguage.m in Sources */ = {isa = PBXBuildFile; fileRef = 61A4454722B7456100D4976E /* NSBundle+XYLanguage.m */; };
		61A4459922B7456200D4976E /* NSNotificationCenter+WX.m in Sources */ = {isa = PBXBuildFile; fileRef = 61A4454D22B7456100D4976E /* NSNotificationCenter+WX.m */; };
		61A4459A22B7456200D4976E /* NSFileManager+WX.m in Sources */ = {isa = PBXBuildFile; fileRef = 61A4455122B7456100D4976E /* NSFileManager+WX.m */; };
		61A4459B22B7456200D4976E /* NSFileManager+Constructor.m in Sources */ = {isa = PBXBuildFile; fileRef = 61A4455422B7456100D4976E /* NSFileManager+Constructor.m */; };
		61A4459C22B7456200D4976E /* NSDateFormatter+WX.m in Sources */ = {isa = PBXBuildFile; fileRef = 61A4455522B7456100D4976E /* NSDateFormatter+WX.m */; };
		61A4459D22B7456200D4976E /* NSMutableArray+ErrorHandle.m in Sources */ = {isa = PBXBuildFile; fileRef = 61A4455722B7456100D4976E /* NSMutableArray+ErrorHandle.m */; };
		61A4459E22B7456200D4976E /* NSString+Prejudge.m in Sources */ = {isa = PBXBuildFile; fileRef = 61A4455C22B7456100D4976E /* NSString+Prejudge.m */; };
		61A4459F22B7456200D4976E /* NSString+Base64.m in Sources */ = {isa = PBXBuildFile; fileRef = 61A4455D22B7456100D4976E /* NSString+Base64.m */; };
		61A445A022B7456200D4976E /* NSString+Extension.m in Sources */ = {isa = PBXBuildFile; fileRef = 61A4456222B7456100D4976E /* NSString+Extension.m */; };
		61A445A122B7456200D4976E /* NSString+Color.m in Sources */ = {isa = PBXBuildFile; fileRef = 61A4456422B7456100D4976E /* NSString+Color.m */; };
		61A445A222B7456200D4976E /* NSString+WX.m in Sources */ = {isa = PBXBuildFile; fileRef = 61A4456522B7456100D4976E /* NSString+WX.m */; };
		61A445A322B7456200D4976E /* NSArray+ErrorHandle.m in Sources */ = {isa = PBXBuildFile; fileRef = 61A4456722B7456100D4976E /* NSArray+ErrorHandle.m */; };
		61A445A422B7456200D4976E /* NSArray+WX.m in Sources */ = {isa = PBXBuildFile; fileRef = 61A4456822B7456100D4976E /* NSArray+WX.m */; };
		61A445A522B7456200D4976E /* NSArray+PrintChinese.m in Sources */ = {isa = PBXBuildFile; fileRef = 61A4456922B7456100D4976E /* NSArray+PrintChinese.m */; };
		61A445A622B7456200D4976E /* NSUUID+WX.m in Sources */ = {isa = PBXBuildFile; fileRef = 61A4456D22B7456100D4976E /* NSUUID+WX.m */; };
		61A445A722B7456200D4976E /* NSCharacterSet+SpecialCharacters.m in Sources */ = {isa = PBXBuildFile; fileRef = 61A4456E22B7456100D4976E /* NSCharacterSet+SpecialCharacters.m */; };
		61A445A822B7456200D4976E /* NSObject+BJPaste.m in Sources */ = {isa = PBXBuildFile; fileRef = 61A4457222B7456100D4976E /* NSObject+BJPaste.m */; };
		61A445A922B7456200D4976E /* NSObject+KindOfClass.m in Sources */ = {isa = PBXBuildFile; fileRef = 61A4457322B7456100D4976E /* NSObject+KindOfClass.m */; };
		61A445AA22B7456200D4976E /* NSObject+IsObject.m in Sources */ = {isa = PBXBuildFile; fileRef = 61A4457422B7456100D4976E /* NSObject+IsObject.m */; };
		61A445AB22B7456200D4976E /* NSScanner+WX.m in Sources */ = {isa = PBXBuildFile; fileRef = 61A4457722B7456100D4976E /* NSScanner+WX.m */; };
		61A445AC22B7456200D4976E /* NSMutableDictionary+WX.m in Sources */ = {isa = PBXBuildFile; fileRef = 61A4457822B7456100D4976E /* NSMutableDictionary+WX.m */; };
		61A445AD22B7456200D4976E /* NSURLRequest+WX.m in Sources */ = {isa = PBXBuildFile; fileRef = 61A4457B22B7456100D4976E /* NSURLRequest+WX.m */; };
		61A445AE22B7456200D4976E /* CAShapeLayer+WX.m in Sources */ = {isa = PBXBuildFile; fileRef = 61A4457D22B7456100D4976E /* CAShapeLayer+WX.m */; };
		61A445AF22B7456200D4976E /* CALayer+WX.m in Sources */ = {isa = PBXBuildFile; fileRef = 61A4457E22B7456100D4976E /* CALayer+WX.m */; };
		61A445B222B7667C00D4976E /* UIView+WXShortcuts.m in Sources */ = {isa = PBXBuildFile; fileRef = 61A445B122B7667C00D4976E /* UIView+WXShortcuts.m */; };
		61F3A42D22BC73E3007C22F5 /* UIColor+CustomColor.m in Sources */ = {isa = PBXBuildFile; fileRef = 61F3A42C22BC73E3007C22F5 /* UIColor+CustomColor.m */; };
		61F3A43022BC7442007C22F5 /* UIColor+CustomButtonColor.m in Sources */ = {isa = PBXBuildFile; fileRef = 61F3A42F22BC7442007C22F5 /* UIColor+CustomButtonColor.m */; };
		61F3A43322BC7464007C22F5 /* UIColor+CustomLabelColor.m in Sources */ = {isa = PBXBuildFile; fileRef = 61F3A43222BC7464007C22F5 /* UIColor+CustomLabelColor.m */; };
		61F3A43622BC7536007C22F5 /* UIColor+CustomLineColor.m in Sources */ = {isa = PBXBuildFile; fileRef = 61F3A43522BC7536007C22F5 /* UIColor+CustomLineColor.m */; };
		61F3A43922BC758F007C22F5 /* UIColor+CustomAlpha.m in Sources */ = {isa = PBXBuildFile; fileRef = 61F3A43822BC758F007C22F5 /* UIColor+CustomAlpha.m */; };
/* End PBXBuildFile section */

/* Begin PBXContainerItemProxy section */
		61A4447A22B743B300D4976E /* PBXContainerItemProxy */ = {
			isa = PBXContainerItemProxy;
			containerPortal = 61A4445922B743B100D4976E /* Project object */;
			proxyType = 1;
			remoteGlobalIDString = 61A4446022B743B100D4976E;
			remoteInfo = WXCategories;
		};
		61A4448522B743B300D4976E /* PBXContainerItemProxy */ = {
			isa = PBXContainerItemProxy;
			containerPortal = 61A4445922B743B100D4976E /* Project object */;
			proxyType = 1;
			remoteGlobalIDString = 61A4446022B743B100D4976E;
			remoteInfo = WXCategories;
		};
/* End PBXContainerItemProxy section */

/* Begin PBXFileReference section */
		61A4446122B743B100D4976E /* WXCategories.app */ = {isa = PBXFileReference; explicitFileType = wrapper.application; includeInIndex = 0; path = WXCategories.app; sourceTree = BUILT_PRODUCTS_DIR; };
		61A4446422B743B100D4976E /* AppDelegate.h */ = {isa = PBXFileReference; lastKnownFileType = sourcecode.c.h; path = AppDelegate.h; sourceTree = "<group>"; };
		61A4446522B743B100D4976E /* AppDelegate.m */ = {isa = PBXFileReference; lastKnownFileType = sourcecode.c.objc; path = AppDelegate.m; sourceTree = "<group>"; };
		61A4446722B743B100D4976E /* ViewController.h */ = {isa = PBXFileReference; lastKnownFileType = sourcecode.c.h; path = ViewController.h; sourceTree = "<group>"; };
		61A4446822B743B100D4976E /* ViewController.m */ = {isa = PBXFileReference; lastKnownFileType = sourcecode.c.objc; path = ViewController.m; sourceTree = "<group>"; };
		61A4446B22B743B100D4976E /* Base */ = {isa = PBXFileReference; lastKnownFileType = file.storyboard; name = Base; path = Base.lproj/Main.storyboard; sourceTree = "<group>"; };
		61A4446D22B743B300D4976E /* Assets.xcassets */ = {isa = PBXFileReference; lastKnownFileType = folder.assetcatalog; path = Assets.xcassets; sourceTree = "<group>"; };
		61A4447022B743B300D4976E /* Base */ = {isa = PBXFileReference; lastKnownFileType = file.storyboard; name = Base; path = Base.lproj/LaunchScreen.storyboard; sourceTree = "<group>"; };
		61A4447222B743B300D4976E /* Info.plist */ = {isa = PBXFileReference; lastKnownFileType = text.plist.xml; path = Info.plist; sourceTree = "<group>"; };
		61A4447322B743B300D4976E /* main.m */ = {isa = PBXFileReference; lastKnownFileType = sourcecode.c.objc; path = main.m; sourceTree = "<group>"; };
		61A4447922B743B300D4976E /* WXCategoriesTests.xctest */ = {isa = PBXFileReference; explicitFileType = wrapper.cfbundle; includeInIndex = 0; path = WXCategoriesTests.xctest; sourceTree = BUILT_PRODUCTS_DIR; };
		61A4447D22B743B300D4976E /* WXCategoriesTests.m */ = {isa = PBXFileReference; lastKnownFileType = sourcecode.c.objc; path = WXCategoriesTests.m; sourceTree = "<group>"; };
		61A4447F22B743B300D4976E /* Info.plist */ = {isa = PBXFileReference; lastKnownFileType = text.plist.xml; path = Info.plist; sourceTree = "<group>"; };
		61A4448422B743B300D4976E /* WXCategoriesUITests.xctest */ = {isa = PBXFileReference; explicitFileType = wrapper.cfbundle; includeInIndex = 0; path = WXCategoriesUITests.xctest; sourceTree = BUILT_PRODUCTS_DIR; };
		61A4448822B743B300D4976E /* WXCategoriesUITests.m */ = {isa = PBXFileReference; lastKnownFileType = sourcecode.c.objc; path = WXCategoriesUITests.m; sourceTree = "<group>"; };
		61A4448A22B743B300D4976E /* Info.plist */ = {isa = PBXFileReference; lastKnownFileType = text.plist.xml; path = Info.plist; sourceTree = "<group>"; };
		61A4449722B7454600D4976E /* UIAlertView+WX.m */ = {isa = PBXFileReference; fileEncoding = 4; lastKnownFileType = sourcecode.c.objc; path = "UIAlertView+WX.m"; sourceTree = "<group>"; };
		61A4449822B7454600D4976E /* UIStoryboard+WX.m */ = {isa = PBXFileReference; fileEncoding = 4; lastKnownFileType = sourcecode.c.objc; path = "UIStoryboard+WX.m"; sourceTree = "<group>"; };
		61A4449922B7454600D4976E /* UIWebView+WX.h */ = {isa = PBXFileReference; fileEncoding = 4; lastKnownFileType = sourcecode.c.h; path = "UIWebView+WX.h"; sourceTree = "<group>"; };
		61A4449B22B7454600D4976E /* UIApplication+Url.h */ = {isa = PBXFileReference; fileEncoding = 4; lastKnownFileType = sourcecode.c.h; path = "UIApplication+Url.h"; sourceTree = "<group>"; };
		61A4449C22B7454600D4976E /* UIApplicationCustomConstant.m */ = {isa = PBXFileReference; fileEncoding = 4; lastKnownFileType = sourcecode.c.objc; path = UIApplicationCustomConstant.m; sourceTree = "<group>"; };
		61A4449D22B7454600D4976E /* UIApplication+WX.h */ = {isa = PBXFileReference; fileEncoding = 4; lastKnownFileType = sourcecode.c.h; path = "UIApplication+WX.h"; sourceTree = "<group>"; };
		61A4449E22B7454600D4976E /* UIApplicationCustomConstant.h */ = {isa = PBXFileReference; fileEncoding = 4; lastKnownFileType = sourcecode.c.h; path = UIApplicationCustomConstant.h; sourceTree = "<group>"; };
		61A4449F22B7454600D4976E /* UIApplication+Url.m */ = {isa = PBXFileReference; fileEncoding = 4; lastKnownFileType = sourcecode.c.objc; path = "UIApplication+Url.m"; sourceTree = "<group>"; };
		61A444A022B7454600D4976E /* UIApplication+WX.m */ = {isa = PBXFileReference; fileEncoding = 4; lastKnownFileType = sourcecode.c.objc; path = "UIApplication+WX.m"; sourceTree = "<group>"; };
		61A444A122B7454600D4976E /* UIDatePicker+WX.h */ = {isa = PBXFileReference; fileEncoding = 4; lastKnownFileType = sourcecode.c.h; path = "UIDatePicker+WX.h"; sourceTree = "<group>"; };
		61A444A222B7454600D4976E /* UIAlertController+Alert.m */ = {isa = PBXFileReference; fileEncoding = 4; lastKnownFileType = sourcecode.c.objc; path = "UIAlertController+Alert.m"; sourceTree = "<group>"; };
		61A444A422B7454600D4976E /* UIButton+Image.m */ = {isa = PBXFileReference; fileEncoding = 4; lastKnownFileType = sourcecode.c.objc; path = "UIButton+Image.m"; sourceTree = "<group>"; };
		61A444A522B7454600D4976E /* UIButton+TitleColor.h */ = {isa = PBXFileReference; fileEncoding = 4; lastKnownFileType = sourcecode.c.h; path = "UIButton+TitleColor.h"; sourceTree = "<group>"; };
		61A444A622B7454600D4976E /* UIButton+ImageName.m */ = {isa = PBXFileReference; fileEncoding = 4; lastKnownFileType = sourcecode.c.objc; path = "UIButton+ImageName.m"; sourceTree = "<group>"; };
		61A444A722B7454600D4976E /* UIButton+IBLayerTitle.m */ = {isa = PBXFileReference; fileEncoding = 4; lastKnownFileType = sourcecode.c.objc; path = "UIButton+IBLayerTitle.m"; sourceTree = "<group>"; };
		61A444A822B7454600D4976E /* UIButton+EventInterval.h */ = {isa = PBXFileReference; fileEncoding = 4; lastKnownFileType = sourcecode.c.h; path = "UIButton+EventInterval.h"; sourceTree = "<group>"; };
		61A444A922B7454600D4976E /* UIButton+Util.h */ = {isa = PBXFileReference; fileEncoding = 4; lastKnownFileType = sourcecode.c.h; path = "UIButton+Util.h"; sourceTree = "<group>"; };
		61A444AA22B7454600D4976E /* UIButton+WX.h */ = {isa = PBXFileReference; fileEncoding = 4; lastKnownFileType = sourcecode.c.h; path = "UIButton+WX.h"; sourceTree = "<group>"; };
		61A444AB22B7454600D4976E /* UIButton+Image.h */ = {isa = PBXFileReference; fileEncoding = 4; lastKnownFileType = sourcecode.c.h; path = "UIButton+Image.h"; sourceTree = "<group>"; };
		61A444AC22B7454600D4976E /* UIButton+TitleColor.m */ = {isa = PBXFileReference; fileEncoding = 4; lastKnownFileType = sourcecode.c.objc; path = "UIButton+TitleColor.m"; sourceTree = "<group>"; };
		61A444AD22B7454600D4976E /* UIButton+EventInterval.m */ = {isa = PBXFileReference; fileEncoding = 4; lastKnownFileType = sourcecode.c.objc; path = "UIButton+EventInterval.m"; sourceTree = "<group>"; };
		61A444AE22B7454600D4976E /* UIButton+IBLayerTitle.h */ = {isa = PBXFileReference; fileEncoding = 4; lastKnownFileType = sourcecode.c.h; path = "UIButton+IBLayerTitle.h"; sourceTree = "<group>"; };
		61A444AF22B7454600D4976E /* UIButton+ImageName.h */ = {isa = PBXFileReference; fileEncoding = 4; lastKnownFileType = sourcecode.c.h; path = "UIButton+ImageName.h"; sourceTree = "<group>"; };
		61A444B022B7454600D4976E /* UIButton+WX.m */ = {isa = PBXFileReference; fileEncoding = 4; lastKnownFileType = sourcecode.c.objc; path = "UIButton+WX.m"; sourceTree = "<group>"; };
		61A444B122B7454600D4976E /* UIButton+Util.m */ = {isa = PBXFileReference; fileEncoding = 4; lastKnownFileType = sourcecode.c.objc; path = "UIButton+Util.m"; sourceTree = "<group>"; };
		61A444B222B7454600D4976E /* UITableViewCell+ClassName.m */ = {isa = PBXFileReference; fileEncoding = 4; lastKnownFileType = sourcecode.c.objc; path = "UITableViewCell+ClassName.m"; sourceTree = "<group>"; };
		61A444B322B7454600D4976E /* UINib+WXConstructor.m */ = {isa = PBXFileReference; fileEncoding = 4; lastKnownFileType = sourcecode.c.objc; path = "UINib+WXConstructor.m"; sourceTree = "<group>"; };
		61A444B422B7454600D4976E /* UIBarButtonItem+WX.m */ = {isa = PBXFileReference; fileEncoding = 4; lastKnownFileType = sourcecode.c.objc; path = "UIBarButtonItem+WX.m"; sourceTree = "<group>"; };
		61A444B522B7454600D4976E /* UIColor+WX.h */ = {isa = PBXFileReference; fileEncoding = 4; lastKnownFileType = sourcecode.c.h; path = "UIColor+WX.h"; sourceTree = "<group>"; };
		61A444B722B7454600D4976E /* UIView+WXFrame.h */ = {isa = PBXFileReference; fileEncoding = 4; lastKnownFileType = sourcecode.c.h; path = "UIView+WXFrame.h"; sourceTree = "<group>"; };
		61A444B822B7454600D4976E /* UIView+IBLayer.h */ = {isa = PBXFileReference; fileEncoding = 4; lastKnownFileType = sourcecode.c.h; path = "UIView+IBLayer.h"; sourceTree = "<group>"; };
		61A444B922B7454600D4976E /* UIView+WXCenter.h */ = {isa = PBXFileReference; fileEncoding = 4; lastKnownFileType = sourcecode.c.h; path = "UIView+WXCenter.h"; sourceTree = "<group>"; };
		61A444BA22B7454600D4976E /* UIView+WX.m */ = {isa = PBXFileReference; fileEncoding = 4; lastKnownFileType = sourcecode.c.objc; path = "UIView+WX.m"; sourceTree = "<group>"; };
		61A444BB22B7454600D4976E /* UIView+WXNIb.m */ = {isa = PBXFileReference; fileEncoding = 4; lastKnownFileType = sourcecode.c.objc; path = "UIView+WXNIb.m"; sourceTree = "<group>"; };
		61A444BC22B7454600D4976E /* UIView+WXFrame.m */ = {isa = PBXFileReference; fileEncoding = 4; lastKnownFileType = sourcecode.c.objc; path = "UIView+WXFrame.m"; sourceTree = "<group>"; };
		61A444BD22B7454600D4976E /* UIView+WXCenter.m */ = {isa = PBXFileReference; fileEncoding = 4; lastKnownFileType = sourcecode.c.objc; path = "UIView+WXCenter.m"; sourceTree = "<group>"; };
		61A444BE22B7454600D4976E /* UIView+IBLayer.m */ = {isa = PBXFileReference; fileEncoding = 4; lastKnownFileType = sourcecode.c.objc; path = "UIView+IBLayer.m"; sourceTree = "<group>"; };
		61A444BF22B7454600D4976E /* UIView+WXNIb.h */ = {isa = PBXFileReference; fileEncoding = 4; lastKnownFileType = sourcecode.c.h; path = "UIView+WXNIb.h"; sourceTree = "<group>"; };
		61A444C022B7454600D4976E /* UIView+WX.h */ = {isa = PBXFileReference; fileEncoding = 4; lastKnownFileType = sourcecode.c.h; path = "UIView+WX.h"; sourceTree = "<group>"; };
		61A444C122B7454600D4976E /* UIImage+WXOriginal.h */ = {isa = PBXFileReference; fileEncoding = 4; lastKnownFileType = sourcecode.c.h; path = "UIImage+WXOriginal.h"; sourceTree = "<group>"; };
		61A444C222B7454600D4976E /* UITabBarItem+WX.h */ = {isa = PBXFileReference; fileEncoding = 4; lastKnownFileType = sourcecode.c.h; path = "UITabBarItem+WX.h"; sourceTree = "<group>"; };
		61A444C322B7454600D4976E /* UIImageView+WX.m */ = {isa = PBXFileReference; fileEncoding = 4; lastKnownFileType = sourcecode.c.objc; path = "UIImageView+WX.m"; sourceTree = "<group>"; };
		61A444C422B7454600D4976E /* UIImage+WX.m */ = {isa = PBXFileReference; fileEncoding = 4; lastKnownFileType = sourcecode.c.objc; path = "UIImage+WX.m"; sourceTree = "<group>"; };
		61A444C522B7454600D4976E /* UITableView+WX.m */ = {isa = PBXFileReference; fileEncoding = 4; lastKnownFileType = sourcecode.c.objc; path = "UITableView+WX.m"; sourceTree = "<group>"; };
		61A444C622B7454600D4976E /* UICollectionView+WX.h */ = {isa = PBXFileReference; fileEncoding = 4; lastKnownFileType = sourcecode.c.h; path = "UICollectionView+WX.h"; sourceTree = "<group>"; };
		61A444C722B7454600D4976E /* UIAlertController+WX.m */ = {isa = PBXFileReference; fileEncoding = 4; lastKnownFileType = sourcecode.c.objc; path = "UIAlertController+WX.m"; sourceTree = "<group>"; };
		61A444C822B7454600D4976E /* UIImage+Rotate_Flip.m */ = {isa = PBXFileReference; fileEncoding = 4; lastKnownFileType = sourcecode.c.objc; path = "UIImage+Rotate_Flip.m"; sourceTree = "<group>"; };
		61A444C922B7454600D4976E /* UIActionSheet+WX.m */ = {isa = PBXFileReference; fileEncoding = 4; lastKnownFileType = sourcecode.c.objc; path = "UIActionSheet+WX.m"; sourceTree = "<group>"; };
		61A444CA22B7454600D4976E /* UINavigationBar+WX.h */ = {isa = PBXFileReference; fileEncoding = 4; lastKnownFileType = sourcecode.c.h; path = "UINavigationBar+WX.h"; sourceTree = "<group>"; };
		61A444CB22B7454600D4976E /* UITextField+WX.m */ = {isa = PBXFileReference; fileEncoding = 4; lastKnownFileType = sourcecode.c.objc; path = "UITextField+WX.m"; sourceTree = "<group>"; };
		61A444CC22B7454600D4976E /* UIWebView+WX.m */ = {isa = PBXFileReference; fileEncoding = 4; lastKnownFileType = sourcecode.c.objc; path = "UIWebView+WX.m"; sourceTree = "<group>"; };
		61A444CE22B7454600D4976E /* UIViewController+Notification.m */ = {isa = PBXFileReference; fileEncoding = 4; lastKnownFileType = sourcecode.c.objc; path = "UIViewController+Notification.m"; sourceTree = "<group>"; };
		61A444CF22B7454600D4976E /* UIViewController+WX.m */ = {isa = PBXFileReference; fileEncoding = 4; lastKnownFileType = sourcecode.c.objc; path = "UIViewController+WX.m"; sourceTree = "<group>"; };
		61A444D022B7454600D4976E /* UIViewController+BackToViewController.m */ = {isa = PBXFileReference; fileEncoding = 4; lastKnownFileType = sourcecode.c.objc; path = "UIViewController+BackToViewController.m"; sourceTree = "<group>"; };
		61A444D122B7454600D4976E /* UIViewController+Notification.h */ = {isa = PBXFileReference; fileEncoding = 4; lastKnownFileType = sourcecode.c.h; path = "UIViewController+Notification.h"; sourceTree = "<group>"; };
		61A444D222B7454600D4976E /* UIViewController+WX.h */ = {isa = PBXFileReference; fileEncoding = 4; lastKnownFileType = sourcecode.c.h; path = "UIViewController+WX.h"; sourceTree = "<group>"; };
		61A444D322B7454600D4976E /* UIViewController+BackToViewController.h */ = {isa = PBXFileReference; fileEncoding = 4; lastKnownFileType = sourcecode.c.h; path = "UIViewController+BackToViewController.h"; sourceTree = "<group>"; };
		61A444D422B7454600D4976E /* UIStoryboard+WX.h */ = {isa = PBXFileReference; fileEncoding = 4; lastKnownFileType = sourcecode.c.h; path = "UIStoryboard+WX.h"; sourceTree = "<group>"; };
		61A444D622B7454600D4976E /* WXUINavigationControllerInitInfo.h */ = {isa = PBXFileReference; fileEncoding = 4; lastKnownFileType = sourcecode.c.h; path = WXUINavigationControllerInitInfo.h; sourceTree = "<group>"; };
		61A444D722B7454600D4976E /* UINavigationController+WXInitModel.m */ = {isa = PBXFileReference; fileEncoding = 4; lastKnownFileType = sourcecode.c.objc; path = "UINavigationController+WXInitModel.m"; sourceTree = "<group>"; };
		61A444D822B7454600D4976E /* UINavigationController+WX.m */ = {isa = PBXFileReference; fileEncoding = 4; lastKnownFileType = sourcecode.c.objc; path = "UINavigationController+WX.m"; sourceTree = "<group>"; };
		61A444D922B7454600D4976E /* UINavigationController+WXInitModel.h */ = {isa = PBXFileReference; fileEncoding = 4; lastKnownFileType = sourcecode.c.h; path = "UINavigationController+WXInitModel.h"; sourceTree = "<group>"; };
		61A444DA22B7454600D4976E /* WXUINavigationControllerInitInfo.m */ = {isa = PBXFileReference; fileEncoding = 4; lastKnownFileType = sourcecode.c.objc; path = WXUINavigationControllerInitInfo.m; sourceTree = "<group>"; };
		61A444DB22B7454600D4976E /* UINavigationController+WX.h */ = {isa = PBXFileReference; fileEncoding = 4; lastKnownFileType = sourcecode.c.h; path = "UINavigationController+WX.h"; sourceTree = "<group>"; };
		61A444DC22B7454600D4976E /* UIAlertView+WX.h */ = {isa = PBXFileReference; fileEncoding = 4; lastKnownFileType = sourcecode.c.h; path = "UIAlertView+WX.h"; sourceTree = "<group>"; };
		61A444DD22B7454600D4976E /* UITabBarItem+WX.m */ = {isa = PBXFileReference; fileEncoding = 4; lastKnownFileType = sourcecode.c.objc; path = "UITabBarItem+WX.m"; sourceTree = "<group>"; };
		61A444DE22B7454600D4976E /* UIImage+WXOriginal.m */ = {isa = PBXFileReference; fileEncoding = 4; lastKnownFileType = sourcecode.c.objc; path = "UIImage+WXOriginal.m"; sourceTree = "<group>"; };
		61A444DF22B7454600D4976E /* UIBarButtonItem+WX.h */ = {isa = PBXFileReference; fileEncoding = 4; lastKnownFileType = sourcecode.c.h; path = "UIBarButtonItem+WX.h"; sourceTree = "<group>"; };
		61A444E022B7454600D4976E /* UIColor+WX.m */ = {isa = PBXFileReference; fileEncoding = 4; lastKnownFileType = sourcecode.c.objc; path = "UIColor+WX.m"; sourceTree = "<group>"; };
		61A444E122B7454600D4976E /* UINib+WXConstructor.h */ = {isa = PBXFileReference; fileEncoding = 4; lastKnownFileType = sourcecode.c.h; path = "UINib+WXConstructor.h"; sourceTree = "<group>"; };
		61A444E222B7454600D4976E /* UITableViewCell+ClassName.h */ = {isa = PBXFileReference; fileEncoding = 4; lastKnownFileType = sourcecode.c.h; path = "UITableViewCell+ClassName.h"; sourceTree = "<group>"; };
		61A444E322B7454600D4976E /* UIDatePicker+WX.m */ = {isa = PBXFileReference; fileEncoding = 4; lastKnownFileType = sourcecode.c.objc; path = "UIDatePicker+WX.m"; sourceTree = "<group>"; };
		61A444E422B7454600D4976E /* UIAlertController+Alert.h */ = {isa = PBXFileReference; fileEncoding = 4; lastKnownFileType = sourcecode.c.h; path = "UIAlertController+Alert.h"; sourceTree = "<group>"; };
		61A444E522B7454600D4976E /* UIAlertController+WX.h */ = {isa = PBXFileReference; fileEncoding = 4; lastKnownFileType = sourcecode.c.h; path = "UIAlertController+WX.h"; sourceTree = "<group>"; };
		61A444E622B7454600D4976E /* UICollectionView+WX.m */ = {isa = PBXFileReference; fileEncoding = 4; lastKnownFileType = sourcecode.c.objc; path = "UICollectionView+WX.m"; sourceTree = "<group>"; };
		61A444E722B7454600D4976E /* UIImage+WX.h */ = {isa = PBXFileReference; fileEncoding = 4; lastKnownFileType = sourcecode.c.h; path = "UIImage+WX.h"; sourceTree = "<group>"; };
		61A444E822B7454600D4976E /* UITableView+WX.h */ = {isa = PBXFileReference; fileEncoding = 4; lastKnownFileType = sourcecode.c.h; path = "UITableView+WX.h"; sourceTree = "<group>"; };
		61A444E922B7454600D4976E /* UIImageView+WX.h */ = {isa = PBXFileReference; fileEncoding = 4; lastKnownFileType = sourcecode.c.h; path = "UIImageView+WX.h"; sourceTree = "<group>"; };
		61A444EA22B7454600D4976E /* UITextField+WX.h */ = {isa = PBXFileReference; fileEncoding = 4; lastKnownFileType = sourcecode.c.h; path = "UITextField+WX.h"; sourceTree = "<group>"; };
		61A444EB22B7454600D4976E /* UINavigationBar+WX.m */ = {isa = PBXFileReference; fileEncoding = 4; lastKnownFileType = sourcecode.c.objc; path = "UINavigationBar+WX.m"; sourceTree = "<group>"; };
		61A444EC22B7454600D4976E /* UIActionSheet+WX.h */ = {isa = PBXFileReference; fileEncoding = 4; lastKnownFileType = sourcecode.c.h; path = "UIActionSheet+WX.h"; sourceTree = "<group>"; };
		61A444ED22B7454600D4976E /* UIImage+Rotate_Flip.h */ = {isa = PBXFileReference; fileEncoding = 4; lastKnownFileType = sourcecode.c.h; path = "UIImage+Rotate_Flip.h"; sourceTree = "<group>"; };
		61A4451822B7456100D4976E /* AVAudioPlayer+WX.m */ = {isa = PBXFileReference; fileEncoding = 4; lastKnownFileType = sourcecode.c.objc; path = "AVAudioPlayer+WX.m"; sourceTree = "<group>"; };
		61A4451922B7456100D4976E /* AVURLAsset+WX.m */ = {isa = PBXFileReference; fileEncoding = 4; lastKnownFileType = sourcecode.c.objc; path = "AVURLAsset+WX.m"; sourceTree = "<group>"; };
		61A4451A22B7456100D4976E /* AVAudioPlayer+WX.h */ = {isa = PBXFileReference; fileEncoding = 4; lastKnownFileType = sourcecode.c.h; path = "AVAudioPlayer+WX.h"; sourceTree = "<group>"; };
		61A4451B22B7456100D4976E /* AVURLAsset+WX.h */ = {isa = PBXFileReference; fileEncoding = 4; lastKnownFileType = sourcecode.c.h; path = "AVURLAsset+WX.h"; sourceTree = "<group>"; };
		61A4451E22B7456100D4976E /* UIImage+FPOriginal.m */ = {isa = PBXFileReference; fileEncoding = 4; lastKnownFileType = sourcecode.c.objc; path = "UIImage+FPOriginal.m"; sourceTree = "<group>"; };
		61A4451F22B7456100D4976E /* UIScreen+FPBounds.h */ = {isa = PBXFileReference; fileEncoding = 4; lastKnownFileType = sourcecode.c.h; path = "UIScreen+FPBounds.h"; sourceTree = "<group>"; };
		61A4452022B7456100D4976E /* UIButton+FPTitle.m */ = {isa = PBXFileReference; fileEncoding = 4; lastKnownFileType = sourcecode.c.objc; path = "UIButton+FPTitle.m"; sourceTree = "<group>"; };
		61A4452122B7456100D4976E /* UIView+FPSetCenter.m */ = {isa = PBXFileReference; fileEncoding = 4; lastKnownFileType = sourcecode.c.objc; path = "UIView+FPSetCenter.m"; sourceTree = "<group>"; };
		61A4452222B7456100D4976E /* UIView+FPLayer.m */ = {isa = PBXFileReference; fileEncoding = 4; lastKnownFileType = sourcecode.c.objc; path = "UIView+FPLayer.m"; sourceTree = "<group>"; };
		61A4452322B7456100D4976E /* UIView+FPConstructor.m */ = {isa = PBXFileReference; fileEncoding = 4; lastKnownFileType = sourcecode.c.objc; path = "UIView+FPConstructor.m"; sourceTree = "<group>"; };
		61A4452422B7456100D4976E /* UIView+FPGetFrame.m */ = {isa = PBXFileReference; fileEncoding = 4; lastKnownFileType = sourcecode.c.objc; path = "UIView+FPGetFrame.m"; sourceTree = "<group>"; };
		61A4452522B7456100D4976E /* UIButton+FPLayer.m */ = {isa = PBXFileReference; fileEncoding = 4; lastKnownFileType = sourcecode.c.objc; path = "UIButton+FPLayer.m"; sourceTree = "<group>"; };
		61A4452622B7456100D4976E /* UIColor+FPAlpha.m */ = {isa = PBXFileReference; fileEncoding = 4; lastKnownFileType = sourcecode.c.objc; path = "UIColor+FPAlpha.m"; sourceTree = "<group>"; };
		61A4452722B7456100D4976E /* UIView+FPSetFrame.m */ = {isa = PBXFileReference; fileEncoding = 4; lastKnownFileType = sourcecode.c.objc; path = "UIView+FPSetFrame.m"; sourceTree = "<group>"; };
		61A4452822B7456100D4976E /* UIScreen+FPBounds.m */ = {isa = PBXFileReference; fileEncoding = 4; lastKnownFileType = sourcecode.c.objc; path = "UIScreen+FPBounds.m"; sourceTree = "<group>"; };
		61A4452922B7456100D4976E /* UIImage+FPOriginal.h */ = {isa = PBXFileReference; fileEncoding = 4; lastKnownFileType = sourcecode.c.h; path = "UIImage+FPOriginal.h"; sourceTree = "<group>"; };
		61A4452A22B7456100D4976E /* UIView+FPConstructor.h */ = {isa = PBXFileReference; fileEncoding = 4; lastKnownFileType = sourcecode.c.h; path = "UIView+FPConstructor.h"; sourceTree = "<group>"; };
		61A4452B22B7456100D4976E /* UIView+FPLayer.h */ = {isa = PBXFileReference; fileEncoding = 4; lastKnownFileType = sourcecode.c.h; path = "UIView+FPLayer.h"; sourceTree = "<group>"; };
		61A4452C22B7456100D4976E /* UIView+FPSetCenter.h */ = {isa = PBXFileReference; fileEncoding = 4; lastKnownFileType = sourcecode.c.h; path = "UIView+FPSetCenter.h"; sourceTree = "<group>"; };
		61A4452D22B7456100D4976E /* UIButton+FPTitle.h */ = {isa = PBXFileReference; fileEncoding = 4; lastKnownFileType = sourcecode.c.h; path = "UIButton+FPTitle.h"; sourceTree = "<group>"; };
		61A4452E22B7456100D4976E /* UIButton+FPLayer.h */ = {isa = PBXFileReference; fileEncoding = 4; lastKnownFileType = sourcecode.c.h; path = "UIButton+FPLayer.h"; sourceTree = "<group>"; };
		61A4452F22B7456100D4976E /* UIColor+FPAlpha.h */ = {isa = PBXFileReference; fileEncoding = 4; lastKnownFileType = sourcecode.c.h; path = "UIColor+FPAlpha.h"; sourceTree = "<group>"; };
		61A4453022B7456100D4976E /* UIView+FPGetFrame.h */ = {isa = PBXFileReference; fileEncoding = 4; lastKnownFileType = sourcecode.c.h; path = "UIView+FPGetFrame.h"; sourceTree = "<group>"; };
		61A4453122B7456100D4976E /* UIView+FPSetFrame.h */ = {isa = PBXFileReference; fileEncoding = 4; lastKnownFileType = sourcecode.c.h; path = "UIView+FPSetFrame.h"; sourceTree = "<group>"; };
		61A4453322B7456100D4976E /* NSString+FPSandBox.m */ = {isa = PBXFileReference; fileEncoding = 4; lastKnownFileType = sourcecode.c.objc; path = "NSString+FPSandBox.m"; sourceTree = "<group>"; };
		61A4453422B7456100D4976E /* NSArray+FPPrintChinese.h */ = {isa = PBXFileReference; fileEncoding = 4; lastKnownFileType = sourcecode.c.h; path = "NSArray+FPPrintChinese.h"; sourceTree = "<group>"; };
		61A4453522B7456100D4976E /* NSString+FPMutableAttributedString.m */ = {isa = PBXFileReference; fileEncoding = 4; lastKnownFileType = sourcecode.c.objc; path = "NSString+FPMutableAttributedString.m"; sourceTree = "<group>"; };
		61A4453622B7456100D4976E /* NSDictionary+FPPrintChinese.m */ = {isa = PBXFileReference; fileEncoding = 4; lastKnownFileType = sourcecode.c.objc; path = "NSDictionary+FPPrintChinese.m"; sourceTree = "<group>"; };
		61A4453722B7456100D4976E /* NSArray+FPPrintChinese.m */ = {isa = PBXFileReference; fileEncoding = 4; lastKnownFileType = sourcecode.c.objc; path = "NSArray+FPPrintChinese.m"; sourceTree = "<group>"; };
		61A4453822B7456100D4976E /* NSString+FPSandBox.h */ = {isa = PBXFileReference; fileEncoding = 4; lastKnownFileType = sourcecode.c.h; path = "NSString+FPSandBox.h"; sourceTree = "<group>"; };
		61A4453922B7456100D4976E /* NSDictionary+FPPrintChinese.h */ = {isa = PBXFileReference; fileEncoding = 4; lastKnownFileType = sourcecode.c.h; path = "NSDictionary+FPPrintChinese.h"; sourceTree = "<group>"; };
		61A4453A22B7456100D4976E /* NSString+FPMutableAttributedString.h */ = {isa = PBXFileReference; fileEncoding = 4; lastKnownFileType = sourcecode.c.h; path = "NSString+FPMutableAttributedString.h"; sourceTree = "<group>"; };
		61A4453D22B7456100D4976E /* NSDictionary+WX.m */ = {isa = PBXFileReference; fileEncoding = 4; lastKnownFileType = sourcecode.c.objc; path = "NSDictionary+WX.m"; sourceTree = "<group>"; };
		61A4453E22B7456100D4976E /* NSDictionary+PrintChinese.m */ = {isa = PBXFileReference; fileEncoding = 4; lastKnownFileType = sourcecode.c.objc; path = "NSDictionary+PrintChinese.m"; sourceTree = "<group>"; };
		61A4453F22B7456100D4976E /* NSDictionary+PrintChinese.h */ = {isa = PBXFileReference; fileEncoding = 4; lastKnownFileType = sourcecode.c.h; path = "NSDictionary+PrintChinese.h"; sourceTree = "<group>"; };
		61A4454022B7456100D4976E /* NSDictionary+WX.h */ = {isa = PBXFileReference; fileEncoding = 4; lastKnownFileType = sourcecode.c.h; path = "NSDictionary+WX.h"; sourceTree = "<group>"; };
		61A4454122B7456100D4976E /* NSCalendar+WX.m */ = {isa = PBXFileReference; fileEncoding = 4; lastKnownFileType = sourcecode.c.objc; path = "NSCalendar+WX.m"; sourceTree = "<group>"; };
		61A4454222B7456100D4976E /* NSDate+WX.m */ = {isa = PBXFileReference; fileEncoding = 4; lastKnownFileType = sourcecode.c.objc; path = "NSDate+WX.m"; sourceTree = "<group>"; };
		61A4454422B7456100D4976E /* NSBundle+Visual.m */ = {isa = PBXFileReference; fileEncoding = 4; lastKnownFileType = sourcecode.c.objc; path = "NSBundle+Visual.m"; sourceTree = "<group>"; };
		61A4454522B7456100D4976E /* NSBundle+WX.m */ = {isa = PBXFileReference; fileEncoding = 4; lastKnownFileType = sourcecode.c.objc; path = "NSBundle+WX.m"; sourceTree = "<group>"; };
		61A4454622B7456100D4976E /* NSString+notEmpty.m */ = {isa = PBXFileReference; fileEncoding = 4; lastKnownFileType = sourcecode.c.objc; path = "NSString+notEmpty.m"; sourceTree = "<group>"; };
		61A4454722B7456100D4976E /* NSBundle+XYLanguage.m */ = {isa = PBXFileReference; fileEncoding = 4; lastKnownFileType = sourcecode.c.objc; path = "NSBundle+XYLanguage.m"; sourceTree = "<group>"; };
		61A4454822B7456100D4976E /* NSBundle+Visual.h */ = {isa = PBXFileReference; fileEncoding = 4; lastKnownFileType = sourcecode.c.h; path = "NSBundle+Visual.h"; sourceTree = "<group>"; };
		61A4454922B7456100D4976E /* NSBundle+WX.h */ = {isa = PBXFileReference; fileEncoding = 4; lastKnownFileType = sourcecode.c.h; path = "NSBundle+WX.h"; sourceTree = "<group>"; };
		61A4454A22B7456100D4976E /* NSString+notEmpty.h */ = {isa = PBXFileReference; fileEncoding = 4; lastKnownFileType = sourcecode.c.h; path = "NSString+notEmpty.h"; sourceTree = "<group>"; };
		61A4454B22B7456100D4976E /* NSBundle+XYLanguage.h */ = {isa = PBXFileReference; fileEncoding = 4; lastKnownFileType = sourcecode.c.h; path = "NSBundle+XYLanguage.h"; sourceTree = "<group>"; };
		61A4454C22B7456100D4976E /* NSScanner+WX.h */ = {isa = PBXFileReference; fileEncoding = 4; lastKnownFileType = sourcecode.c.h; path = "NSScanner+WX.h"; sourceTree = "<group>"; };
		61A4454D22B7456100D4976E /* NSNotificationCenter+WX.m */ = {isa = PBXFileReference; fileEncoding = 4; lastKnownFileType = sourcecode.c.objc; path = "NSNotificationCenter+WX.m"; sourceTree = "<group>"; };
		61A4454E22B7456100D4976E /* NSCharacterSet+SpecialCharacters.h */ = {isa = PBXFileReference; fileEncoding = 4; lastKnownFileType = sourcecode.c.h; path = "NSCharacterSet+SpecialCharacters.h"; sourceTree = "<group>"; };
		61A4454F22B7456100D4976E /* NSUUID+WX.h */ = {isa = PBXFileReference; fileEncoding = 4; lastKnownFileType = sourcecode.c.h; path = "NSUUID+WX.h"; sourceTree = "<group>"; };
		61A4455122B7456100D4976E /* NSFileManager+WX.m */ = {isa = PBXFileReference; fileEncoding = 4; lastKnownFileType = sourcecode.c.objc; path = "NSFileManager+WX.m"; sourceTree = "<group>"; };
		61A4455222B7456100D4976E /* NSFileManager+Constructor.h */ = {isa = PBXFileReference; fileEncoding = 4; lastKnownFileType = sourcecode.c.h; path = "NSFileManager+Constructor.h"; sourceTree = "<group>"; };
		61A4455322B7456100D4976E /* NSFileManager+WX.h */ = {isa = PBXFileReference; fileEncoding = 4; lastKnownFileType = sourcecode.c.h; path = "NSFileManager+WX.h"; sourceTree = "<group>"; };
		61A4455422B7456100D4976E /* NSFileManager+Constructor.m */ = {isa = PBXFileReference; fileEncoding = 4; lastKnownFileType = sourcecode.c.objc; path = "NSFileManager+Constructor.m"; sourceTree = "<group>"; };
		61A4455522B7456100D4976E /* NSDateFormatter+WX.m */ = {isa = PBXFileReference; fileEncoding = 4; lastKnownFileType = sourcecode.c.objc; path = "NSDateFormatter+WX.m"; sourceTree = "<group>"; };
		61A4455622B7456100D4976E /* NSURLRequest+WX.h */ = {isa = PBXFileReference; fileEncoding = 4; lastKnownFileType = sourcecode.c.h; path = "NSURLRequest+WX.h"; sourceTree = "<group>"; };
		61A4455722B7456100D4976E /* NSMutableArray+ErrorHandle.m */ = {isa = PBXFileReference; fileEncoding = 4; lastKnownFileType = sourcecode.c.objc; path = "NSMutableArray+ErrorHandle.m"; sourceTree = "<group>"; };
		61A4455822B7456100D4976E /* NSMutableDictionary+WX.h */ = {isa = PBXFileReference; fileEncoding = 4; lastKnownFileType = sourcecode.c.h; path = "NSMutableDictionary+WX.h"; sourceTree = "<group>"; };
		61A4455922B7456100D4976E /* NSDate+WX.h */ = {isa = PBXFileReference; fileEncoding = 4; lastKnownFileType = sourcecode.c.h; path = "NSDate+WX.h"; sourceTree = "<group>"; };
		61A4455A22B7456100D4976E /* NSCalendar+WX.h */ = {isa = PBXFileReference; fileEncoding = 4; lastKnownFileType = sourcecode.c.h; path = "NSCalendar+WX.h"; sourceTree = "<group>"; };
		61A4455C22B7456100D4976E /* NSString+Prejudge.m */ = {isa = PBXFileReference; fileEncoding = 4; lastKnownFileType = sourcecode.c.objc; path = "NSString+Prejudge.m"; sourceTree = "<group>"; };
		61A4455D22B7456100D4976E /* NSString+Base64.m */ = {isa = PBXFileReference; fileEncoding = 4; lastKnownFileType = sourcecode.c.objc; path = "NSString+Base64.m"; sourceTree = "<group>"; };
		61A4455E22B7456100D4976E /* NSString+Extension.h */ = {isa = PBXFileReference; fileEncoding = 4; lastKnownFileType = sourcecode.c.h; path = "NSString+Extension.h"; sourceTree = "<group>"; };
		61A4455F22B7456100D4976E /* NSString+Color.h */ = {isa = PBXFileReference; fileEncoding = 4; lastKnownFileType = sourcecode.c.h; path = "NSString+Color.h"; sourceTree = "<group>"; };
		61A4456022B7456100D4976E /* NSString+WX.h */ = {isa = PBXFileReference; fileEncoding = 4; lastKnownFileType = sourcecode.c.h; path = "NSString+WX.h"; sourceTree = "<group>"; };
		61A4456122B7456100D4976E /* NSString+Prejudge.h */ = {isa = PBXFileReference; fileEncoding = 4; lastKnownFileType = sourcecode.c.h; path = "NSString+Prejudge.h"; sourceTree = "<group>"; };
		61A4456222B7456100D4976E /* NSString+Extension.m */ = {isa = PBXFileReference; fileEncoding = 4; lastKnownFileType = sourcecode.c.objc; path = "NSString+Extension.m"; sourceTree = "<group>"; };
		61A4456322B7456100D4976E /* NSString+Base64.h */ = {isa = PBXFileReference; fileEncoding = 4; lastKnownFileType = sourcecode.c.h; path = "NSString+Base64.h"; sourceTree = "<group>"; };
		61A4456422B7456100D4976E /* NSString+Color.m */ = {isa = PBXFileReference; fileEncoding = 4; lastKnownFileType = sourcecode.c.objc; path = "NSString+Color.m"; sourceTree = "<group>"; };
		61A4456522B7456100D4976E /* NSString+WX.m */ = {isa = PBXFileReference; fileEncoding = 4; lastKnownFileType = sourcecode.c.objc; path = "NSString+WX.m"; sourceTree = "<group>"; };
		61A4456722B7456100D4976E /* NSArray+ErrorHandle.m */ = {isa = PBXFileReference; fileEncoding = 4; lastKnownFileType = sourcecode.c.objc; path = "NSArray+ErrorHandle.m"; sourceTree = "<group>"; };
		61A4456822B7456100D4976E /* NSArray+WX.m */ = {isa = PBXFileReference; fileEncoding = 4; lastKnownFileType = sourcecode.c.objc; path = "NSArray+WX.m"; sourceTree = "<group>"; };
		61A4456922B7456100D4976E /* NSArray+PrintChinese.m */ = {isa = PBXFileReference; fileEncoding = 4; lastKnownFileType = sourcecode.c.objc; path = "NSArray+PrintChinese.m"; sourceTree = "<group>"; };
		61A4456A22B7456100D4976E /* NSArray+ErrorHandle.h */ = {isa = PBXFileReference; fileEncoding = 4; lastKnownFileType = sourcecode.c.h; path = "NSArray+ErrorHandle.h"; sourceTree = "<group>"; };
		61A4456B22B7456100D4976E /* NSArray+WX.h */ = {isa = PBXFileReference; fileEncoding = 4; lastKnownFileType = sourcecode.c.h; path = "NSArray+WX.h"; sourceTree = "<group>"; };
		61A4456C22B7456100D4976E /* NSArray+PrintChinese.h */ = {isa = PBXFileReference; fileEncoding = 4; lastKnownFileType = sourcecode.c.h; path = "NSArray+PrintChinese.h"; sourceTree = "<group>"; };
		61A4456D22B7456100D4976E /* NSUUID+WX.m */ = {isa = PBXFileReference; fileEncoding = 4; lastKnownFileType = sourcecode.c.objc; path = "NSUUID+WX.m"; sourceTree = "<group>"; };
		61A4456E22B7456100D4976E /* NSCharacterSet+SpecialCharacters.m */ = {isa = PBXFileReference; fileEncoding = 4; lastKnownFileType = sourcecode.c.objc; path = "NSCharacterSet+SpecialCharacters.m"; sourceTree = "<group>"; };
		61A4456F22B7456100D4976E /* NSNotificationCenter+WX.h */ = {isa = PBXFileReference; fileEncoding = 4; lastKnownFileType = sourcecode.c.h; path = "NSNotificationCenter+WX.h"; sourceTree = "<group>"; };
		61A4457122B7456100D4976E /* NSObject+IsObject.h */ = {isa = PBXFileReference; fileEncoding = 4; lastKnownFileType = sourcecode.c.h; path = "NSObject+IsObject.h"; sourceTree = "<group>"; };
		61A4457222B7456100D4976E /* NSObject+BJPaste.m */ = {isa = PBXFileReference; fileEncoding = 4; lastKnownFileType = sourcecode.c.objc; path = "NSObject+BJPaste.m"; sourceTree = "<group>"; };
		61A4457322B7456100D4976E /* NSObject+KindOfClass.m */ = {isa = PBXFileReference; fileEncoding = 4; lastKnownFileType = sourcecode.c.objc; path = "NSObject+KindOfClass.m"; sourceTree = "<group>"; };
		61A4457422B7456100D4976E /* NSObject+IsObject.m */ = {isa = PBXFileReference; fileEncoding = 4; lastKnownFileType = sourcecode.c.objc; path = "NSObject+IsObject.m"; sourceTree = "<group>"; };
		61A4457522B7456100D4976E /* NSObject+KindOfClass.h */ = {isa = PBXFileReference; fileEncoding = 4; lastKnownFileType = sourcecode.c.h; path = "NSObject+KindOfClass.h"; sourceTree = "<group>"; };
		61A4457622B7456100D4976E /* NSObject+BJPaste.h */ = {isa = PBXFileReference; fileEncoding = 4; lastKnownFileType = sourcecode.c.h; path = "NSObject+BJPaste.h"; sourceTree = "<group>"; };
		61A4457722B7456100D4976E /* NSScanner+WX.m */ = {isa = PBXFileReference; fileEncoding = 4; lastKnownFileType = sourcecode.c.objc; path = "NSScanner+WX.m"; sourceTree = "<group>"; };
		61A4457822B7456100D4976E /* NSMutableDictionary+WX.m */ = {isa = PBXFileReference; fileEncoding = 4; lastKnownFileType = sourcecode.c.objc; path = "NSMutableDictionary+WX.m"; sourceTree = "<group>"; };
		61A4457922B7456100D4976E /* NSMutableArray+ErrorHandle.h */ = {isa = PBXFileReference; fileEncoding = 4; lastKnownFileType = sourcecode.c.h; path = "NSMutableArray+ErrorHandle.h"; sourceTree = "<group>"; };
		61A4457A22B7456100D4976E /* NSDateFormatter+WX.h */ = {isa = PBXFileReference; fileEncoding = 4; lastKnownFileType = sourcecode.c.h; path = "NSDateFormatter+WX.h"; sourceTree = "<group>"; };
		61A4457B22B7456100D4976E /* NSURLRequest+WX.m */ = {isa = PBXFileReference; fileEncoding = 4; lastKnownFileType = sourcecode.c.objc; path = "NSURLRequest+WX.m"; sourceTree = "<group>"; };
		61A4457D22B7456100D4976E /* CAShapeLayer+WX.m */ = {isa = PBXFileReference; fileEncoding = 4; lastKnownFileType = sourcecode.c.objc; path = "CAShapeLayer+WX.m"; sourceTree = "<group>"; };
		61A4457E22B7456100D4976E /* CALayer+WX.m */ = {isa = PBXFileReference; fileEncoding = 4; lastKnownFileType = sourcecode.c.objc; path = "CALayer+WX.m"; sourceTree = "<group>"; };
		61A4457F22B7456100D4976E /* CAShapeLayer+WX.h */ = {isa = PBXFileReference; fileEncoding = 4; lastKnownFileType = sourcecode.c.h; path = "CAShapeLayer+WX.h"; sourceTree = "<group>"; };
		61A4458022B7456100D4976E /* CALayer+WX.h */ = {isa = PBXFileReference; fileEncoding = 4; lastKnownFileType = sourcecode.c.h; path = "CALayer+WX.h"; sourceTree = "<group>"; };
		61A445B022B7667C00D4976E /* UIView+WXShortcuts.h */ = {isa = PBXFileReference; lastKnownFileType = sourcecode.c.h; path = "UIView+WXShortcuts.h"; sourceTree = "<group>"; };
		61A445B122B7667C00D4976E /* UIView+WXShortcuts.m */ = {isa = PBXFileReference; lastKnownFileType = sourcecode.c.objc; path = "UIView+WXShortcuts.m"; sourceTree = "<group>"; };
		61F3A42B22BC73E3007C22F5 /* UIColor+CustomColor.h */ = {isa = PBXFileReference; lastKnownFileType = sourcecode.c.h; path = "UIColor+CustomColor.h"; sourceTree = "<group>"; };
		61F3A42C22BC73E3007C22F5 /* UIColor+CustomColor.m */ = {isa = PBXFileReference; lastKnownFileType = sourcecode.c.objc; path = "UIColor+CustomColor.m"; sourceTree = "<group>"; };
		61F3A42E22BC7442007C22F5 /* UIColor+CustomButtonColor.h */ = {isa = PBXFileReference; lastKnownFileType = sourcecode.c.h; path = "UIColor+CustomButtonColor.h"; sourceTree = "<group>"; };
		61F3A42F22BC7442007C22F5 /* UIColor+CustomButtonColor.m */ = {isa = PBXFileReference; lastKnownFileType = sourcecode.c.objc; path = "UIColor+CustomButtonColor.m"; sourceTree = "<group>"; };
		61F3A43122BC7464007C22F5 /* UIColor+CustomLabelColor.h */ = {isa = PBXFileReference; lastKnownFileType = sourcecode.c.h; path = "UIColor+CustomLabelColor.h"; sourceTree = "<group>"; };
		61F3A43222BC7464007C22F5 /* UIColor+CustomLabelColor.m */ = {isa = PBXFileReference; lastKnownFileType = sourcecode.c.objc; path = "UIColor+CustomLabelColor.m"; sourceTree = "<group>"; };
		61F3A43422BC7536007C22F5 /* UIColor+CustomLineColor.h */ = {isa = PBXFileReference; lastKnownFileType = sourcecode.c.h; path = "UIColor+CustomLineColor.h"; sourceTree = "<group>"; };
		61F3A43522BC7536007C22F5 /* UIColor+CustomLineColor.m */ = {isa = PBXFileReference; lastKnownFileType = sourcecode.c.objc; path = "UIColor+CustomLineColor.m"; sourceTree = "<group>"; };
		61F3A43722BC758F007C22F5 /* UIColor+CustomAlpha.h */ = {isa = PBXFileReference; lastKnownFileType = sourcecode.c.h; path = "UIColor+CustomAlpha.h"; sourceTree = "<group>"; };
		61F3A43822BC758F007C22F5 /* UIColor+CustomAlpha.m */ = {isa = PBXFileReference; lastKnownFileType = sourcecode.c.objc; path = "UIColor+CustomAlpha.m"; sourceTree = "<group>"; };
/* End PBXFileReference section */

/* Begin PBXFrameworksBuildPhase section */
		61A4445E22B743B100D4976E /* Frameworks */ = {
			isa = PBXFrameworksBuildPhase;
			buildActionMask = 2147483647;
			files = (
			);
			runOnlyForDeploymentPostprocessing = 0;
		};
		61A4447622B743B300D4976E /* Frameworks */ = {
			isa = PBXFrameworksBuildPhase;
			buildActionMask = 2147483647;
			files = (
			);
			runOnlyForDeploymentPostprocessing = 0;
		};
		61A4448122B743B300D4976E /* Frameworks */ = {
			isa = PBXFrameworksBuildPhase;
			buildActionMask = 2147483647;
			files = (
			);
			runOnlyForDeploymentPostprocessing = 0;
		};
/* End PBXFrameworksBuildPhase section */

/* Begin PBXGroup section */
		61A4445822B743B100D4976E = {
			isa = PBXGroup;
			children = (
				61A4446322B743B100D4976E /* WXCategories */,
				61A4447C22B743B300D4976E /* WXCategoriesTests */,
				61A4448722B743B300D4976E /* WXCategoriesUITests */,
				61A4446222B743B100D4976E /* Products */,
			);
			sourceTree = "<group>";
		};
		61A4446222B743B100D4976E /* Products */ = {
			isa = PBXGroup;
			children = (
				61A4446122B743B100D4976E /* WXCategories.app */,
				61A4447922B743B300D4976E /* WXCategoriesTests.xctest */,
				61A4448422B743B300D4976E /* WXCategoriesUITests.xctest */,
			);
			name = Products;
			sourceTree = "<group>";
		};
		61A4446322B743B100D4976E /* WXCategories */ = {
			isa = PBXGroup;
			children = (
				61A4451722B7456100D4976E /* AVFoundation */,
				61A4453B22B7456100D4976E /* Foundation */,
				61A4457C22B7456100D4976E /* QuartzCore */,
				61A4449622B7454600D4976E /* UIKit */,
				61A4446422B743B100D4976E /* AppDelegate.h */,
				61A4446522B743B100D4976E /* AppDelegate.m */,
				61A4446D22B743B300D4976E /* Assets.xcassets */,
				61A4447222B743B300D4976E /* Info.plist */,
				61A4446F22B743B300D4976E /* LaunchScreen.storyboard */,
				61A4447322B743B300D4976E /* main.m */,
				61A4446A22B743B100D4976E /* Main.storyboard */,
				61A4446722B743B100D4976E /* ViewController.h */,
				61A4446822B743B100D4976E /* ViewController.m */,
			);
			path = WXCategories;
			sourceTree = "<group>";
		};
		61A4447C22B743B300D4976E /* WXCategoriesTests */ = {
			isa = PBXGroup;
			children = (
				61A4447D22B743B300D4976E /* WXCategoriesTests.m */,
				61A4447F22B743B300D4976E /* Info.plist */,
			);
			path = WXCategoriesTests;
			sourceTree = "<group>";
		};
		61A4448722B743B300D4976E /* WXCategoriesUITests */ = {
			isa = PBXGroup;
			children = (
				61A4448822B743B300D4976E /* WXCategoriesUITests.m */,
				61A4448A22B743B300D4976E /* Info.plist */,
			);
			path = WXCategoriesUITests;
			sourceTree = "<group>";
		};
		61A4449622B7454600D4976E /* UIKit */ = {
			isa = PBXGroup;
			children = (
				61A444EC22B7454600D4976E /* UIActionSheet+WX.h */,
				61A444C922B7454600D4976E /* UIActionSheet+WX.m */,
				61A444E422B7454600D4976E /* UIAlertController+Alert.h */,
				61A444A222B7454600D4976E /* UIAlertController+Alert.m */,
				61A444E522B7454600D4976E /* UIAlertController+WX.h */,
				61A444C722B7454600D4976E /* UIAlertController+WX.m */,
				61A444DC22B7454600D4976E /* UIAlertView+WX.h */,
				61A4449722B7454600D4976E /* UIAlertView+WX.m */,
				61A4449A22B7454600D4976E /* UIApplication */,
				61A444DF22B7454600D4976E /* UIBarButtonItem+WX.h */,
				61A444B422B7454600D4976E /* UIBarButtonItem+WX.m */,
				61A444A322B7454600D4976E /* UIButton */,
				61A444C622B7454600D4976E /* UICollectionView+WX.h */,
				61A444E622B7454600D4976E /* UICollectionView+WX.m */,
				61F3A42A22BC73AD007C22F5 /* UIColor */,
				61A444A122B7454600D4976E /* UIDatePicker+WX.h */,
				61A444E322B7454600D4976E /* UIDatePicker+WX.m */,
				61F3A43A22BC77EC007C22F5 /* UIImage */,
				61A444E922B7454600D4976E /* UIImageView+WX.h */,
				61A444C322B7454600D4976E /* UIImageView+WX.m */,
				61A444CA22B7454600D4976E /* UINavigationBar+WX.h */,
				61A444EB22B7454600D4976E /* UINavigationBar+WX.m */,
				61A444D522B7454600D4976E /* UINavigationController */,
				61A444E122B7454600D4976E /* UINib+WXConstructor.h */,
				61A444B322B7454600D4976E /* UINib+WXConstructor.m */,
				61A4451F22B7456100D4976E /* UIScreen+FPBounds.h */,
				61A4452822B7456100D4976E /* UIScreen+FPBounds.m */,
				61A444D422B7454600D4976E /* UIStoryboard+WX.h */,
				61A4449822B7454600D4976E /* UIStoryboard+WX.m */,
				61A444C222B7454600D4976E /* UITabBarItem+WX.h */,
				61A444DD22B7454600D4976E /* UITabBarItem+WX.m */,
				61A444E822B7454600D4976E /* UITableView+WX.h */,
				61A444C522B7454600D4976E /* UITableView+WX.m */,
				61A444E222B7454600D4976E /* UITableViewCell+ClassName.h */,
				61A444B222B7454600D4976E /* UITableViewCell+ClassName.m */,
				61A444EA22B7454600D4976E /* UITextField+WX.h */,
				61A444CB22B7454600D4976E /* UITextField+WX.m */,
				61A444B622B7454600D4976E /* UIView */,
				61A4452A22B7456100D4976E /* UIView+FPConstructor.h */,
				61A4452322B7456100D4976E /* UIView+FPConstructor.m */,
				61A4453022B7456100D4976E /* UIView+FPGetFrame.h */,
				61A4452422B7456100D4976E /* UIView+FPGetFrame.m */,
				61A4452B22B7456100D4976E /* UIView+FPLayer.h */,
				61A4452222B7456100D4976E /* UIView+FPLayer.m */,
				61A4452C22B7456100D4976E /* UIView+FPSetCenter.h */,
				61A4452122B7456100D4976E /* UIView+FPSetCenter.m */,
				61A4453122B7456100D4976E /* UIView+FPSetFrame.h */,
				61A4452722B7456100D4976E /* UIView+FPSetFrame.m */,
				61A444CD22B7454600D4976E /* UIViewController */,
				61A4449922B7454600D4976E /* UIWebView+WX.h */,
				61A444CC22B7454600D4976E /* UIWebView+WX.m */,
			);
			name = UIKit;
			path = ../../UIKit;
			sourceTree = "<group>";
		};
		61A4449A22B7454600D4976E /* UIApplication */ = {
			isa = PBXGroup;
			children = (
				61A4449B22B7454600D4976E /* UIApplication+Url.h */,
				61A4449C22B7454600D4976E /* UIApplicationCustomConstant.m */,
				61A4449D22B7454600D4976E /* UIApplication+WX.h */,
				61A4449E22B7454600D4976E /* UIApplicationCustomConstant.h */,
				61A4449F22B7454600D4976E /* UIApplication+Url.m */,
				61A444A022B7454600D4976E /* UIApplication+WX.m */,
			);
			path = UIApplication;
			sourceTree = "<group>";
		};
		61A444A322B7454600D4976E /* UIButton */ = {
			isa = PBXGroup;
			children = (
				61A4452E22B7456100D4976E /* UIButton+FPLayer.h */,
				61A4452522B7456100D4976E /* UIButton+FPLayer.m */,
				61A4452D22B7456100D4976E /* UIButton+FPTitle.h */,
				61A4452022B7456100D4976E /* UIButton+FPTitle.m */,
				61A444A422B7454600D4976E /* UIButton+Image.m */,
				61A444A522B7454600D4976E /* UIButton+TitleColor.h */,
				61A444A622B7454600D4976E /* UIButton+ImageName.m */,
				61A444A722B7454600D4976E /* UIButton+IBLayerTitle.m */,
				61A444A822B7454600D4976E /* UIButton+EventInterval.h */,
				61A444A922B7454600D4976E /* UIButton+Util.h */,
				61A444AA22B7454600D4976E /* UIButton+WX.h */,
				61A444AB22B7454600D4976E /* UIButton+Image.h */,
				61A444AC22B7454600D4976E /* UIButton+TitleColor.m */,
				61A444AD22B7454600D4976E /* UIButton+EventInterval.m */,
				61A444AE22B7454600D4976E /* UIButton+IBLayerTitle.h */,
				61A444AF22B7454600D4976E /* UIButton+ImageName.h */,
				61A444B022B7454600D4976E /* UIButton+WX.m */,
				61A444B122B7454600D4976E /* UIButton+Util.m */,
			);
			path = UIButton;
			sourceTree = "<group>";
		};
		61A444B622B7454600D4976E /* UIView */ = {
			isa = PBXGroup;
			children = (
				61A444B822B7454600D4976E /* UIView+IBLayer.h */,
				61A444BE22B7454600D4976E /* UIView+IBLayer.m */,
				61A444C022B7454600D4976E /* UIView+WX.h */,
				61A444BA22B7454600D4976E /* UIView+WX.m */,
				61A444B922B7454600D4976E /* UIView+WXCenter.h */,
				61A444BD22B7454600D4976E /* UIView+WXCenter.m */,
				61A444B722B7454600D4976E /* UIView+WXFrame.h */,
				61A444BC22B7454600D4976E /* UIView+WXFrame.m */,
				61A444BF22B7454600D4976E /* UIView+WXNIb.h */,
				61A444BB22B7454600D4976E /* UIView+WXNIb.m */,
				61A445B022B7667C00D4976E /* UIView+WXShortcuts.h */,
				61A445B122B7667C00D4976E /* UIView+WXShortcuts.m */,
			);
			path = UIView;
			sourceTree = "<group>";
		};
		61A444CD22B7454600D4976E /* UIViewController */ = {
			isa = PBXGroup;
			children = (
				61A444CE22B7454600D4976E /* UIViewController+Notification.m */,
				61A444CF22B7454600D4976E /* UIViewController+WX.m */,
				61A444D022B7454600D4976E /* UIViewController+BackToViewController.m */,
				61A444D122B7454600D4976E /* UIViewController+Notification.h */,
				61A444D222B7454600D4976E /* UIViewController+WX.h */,
				61A444D322B7454600D4976E /* UIViewController+BackToViewController.h */,
			);
			path = UIViewController;
			sourceTree = "<group>";
		};
		61A444D522B7454600D4976E /* UINavigationController */ = {
			isa = PBXGroup;
			children = (
				61A444D622B7454600D4976E /* WXUINavigationControllerInitInfo.h */,
				61A444D722B7454600D4976E /* UINavigationController+WXInitModel.m */,
				61A444D822B7454600D4976E /* UINavigationController+WX.m */,
				61A444D922B7454600D4976E /* UINavigationController+WXInitModel.h */,
				61A444DA22B7454600D4976E /* WXUINavigationControllerInitInfo.m */,
				61A444DB22B7454600D4976E /* UINavigationController+WX.h */,
			);
			path = UINavigationController;
			sourceTree = "<group>";
		};
		61A4451722B7456100D4976E /* AVFoundation */ = {
			isa = PBXGroup;
			children = (
				61A4451822B7456100D4976E /* AVAudioPlayer+WX.m */,
				61A4451922B7456100D4976E /* AVURLAsset+WX.m */,
				61A4451A22B7456100D4976E /* AVAudioPlayer+WX.h */,
				61A4451B22B7456100D4976E /* AVURLAsset+WX.h */,
			);
			name = AVFoundation;
			path = ../../AVFoundation;
			sourceTree = "<group>";
		};
		61A4453B22B7456100D4976E /* Foundation */ = {
			isa = PBXGroup;
			children = (
				61A4456622B7456100D4976E /* NSArray */,
				61A4453422B7456100D4976E /* NSArray+FPPrintChinese.h */,
				61A4453722B7456100D4976E /* NSArray+FPPrintChinese.m */,
				61A4454322B7456100D4976E /* NSBundle */,
				61A4455A22B7456100D4976E /* NSCalendar+WX.h */,
				61A4454122B7456100D4976E /* NSCalendar+WX.m */,
				61A4454E22B7456100D4976E /* NSCharacterSet+SpecialCharacters.h */,
				61A4456E22B7456100D4976E /* NSCharacterSet+SpecialCharacters.m */,
				61A4455922B7456100D4976E /* NSDate+WX.h */,
				61A4454222B7456100D4976E /* NSDate+WX.m */,
				61A4457A22B7456100D4976E /* NSDateFormatter+WX.h */,
				61A4455522B7456100D4976E /* NSDateFormatter+WX.m */,
				61A4453C22B7456100D4976E /* NSDictionary */,
				61A4453922B7456100D4976E /* NSDictionary+FPPrintChinese.h */,
				61A4453622B7456100D4976E /* NSDictionary+FPPrintChinese.m */,
				61A4455022B7456100D4976E /* NSFileManager */,
				61A4457922B7456100D4976E /* NSMutableArray+ErrorHandle.h */,
				61A4455722B7456100D4976E /* NSMutableArray+ErrorHandle.m */,
				61A4455822B7456100D4976E /* NSMutableDictionary+WX.h */,
				61A4457822B7456100D4976E /* NSMutableDictionary+WX.m */,
				61A4456F22B7456100D4976E /* NSNotificationCenter+WX.h */,
				61A4454D22B7456100D4976E /* NSNotificationCenter+WX.m */,
				61A4457022B7456100D4976E /* NSObject */,
				61A4454C22B7456100D4976E /* NSScanner+WX.h */,
				61A4457722B7456100D4976E /* NSScanner+WX.m */,
				61A4455B22B7456100D4976E /* NSString */,
				61A4453A22B7456100D4976E /* NSString+FPMutableAttributedString.h */,
				61A4453522B7456100D4976E /* NSString+FPMutableAttributedString.m */,
				61A4453822B7456100D4976E /* NSString+FPSandBox.h */,
				61A4453322B7456100D4976E /* NSString+FPSandBox.m */,
				61A4455622B7456100D4976E /* NSURLRequest+WX.h */,
				61A4457B22B7456100D4976E /* NSURLRequest+WX.m */,
				61A4454F22B7456100D4976E /* NSUUID+WX.h */,
				61A4456D22B7456100D4976E /* NSUUID+WX.m */,
			);
			name = Foundation;
			path = ../../Foundation;
			sourceTree = "<group>";
		};
		61A4453C22B7456100D4976E /* NSDictionary */ = {
			isa = PBXGroup;
			children = (
				61A4453D22B7456100D4976E /* NSDictionary+WX.m */,
				61A4453E22B7456100D4976E /* NSDictionary+PrintChinese.m */,
				61A4453F22B7456100D4976E /* NSDictionary+PrintChinese.h */,
				61A4454022B7456100D4976E /* NSDictionary+WX.h */,
			);
			path = NSDictionary;
			sourceTree = "<group>";
		};
		61A4454322B7456100D4976E /* NSBundle */ = {
			isa = PBXGroup;
			children = (
				61A4454422B7456100D4976E /* NSBundle+Visual.m */,
				61A4454522B7456100D4976E /* NSBundle+WX.m */,
				61A4454622B7456100D4976E /* NSString+notEmpty.m */,
				61A4454722B7456100D4976E /* NSBundle+XYLanguage.m */,
				61A4454822B7456100D4976E /* NSBundle+Visual.h */,
				61A4454922B7456100D4976E /* NSBundle+WX.h */,
				61A4454A22B7456100D4976E /* NSString+notEmpty.h */,
				61A4454B22B7456100D4976E /* NSBundle+XYLanguage.h */,
			);
			path = NSBundle;
			sourceTree = "<group>";
		};
		61A4455022B7456100D4976E /* NSFileManager */ = {
			isa = PBXGroup;
			children = (
				61A4455122B7456100D4976E /* NSFileManager+WX.m */,
				61A4455222B7456100D4976E /* NSFileManager+Constructor.h */,
				61A4455322B7456100D4976E /* NSFileManager+WX.h */,
				61A4455422B7456100D4976E /* NSFileManager+Constructor.m */,
			);
			path = NSFileManager;
			sourceTree = "<group>";
		};
		61A4455B22B7456100D4976E /* NSString */ = {
			isa = PBXGroup;
			children = (
				61A4455C22B7456100D4976E /* NSString+Prejudge.m */,
				61A4455D22B7456100D4976E /* NSString+Base64.m */,
				61A4455E22B7456100D4976E /* NSString+Extension.h */,
				61A4455F22B7456100D4976E /* NSString+Color.h */,
				61A4456022B7456100D4976E /* NSString+WX.h */,
				61A4456122B7456100D4976E /* NSString+Prejudge.h */,
				61A4456222B7456100D4976E /* NSString+Extension.m */,
				61A4456322B7456100D4976E /* NSString+Base64.h */,
				61A4456422B7456100D4976E /* NSString+Color.m */,
				61A4456522B7456100D4976E /* NSString+WX.m */,
			);
			path = NSString;
			sourceTree = "<group>";
		};
		61A4456622B7456100D4976E /* NSArray */ = {
			isa = PBXGroup;
			children = (
				61A4456722B7456100D4976E /* NSArray+ErrorHandle.m */,
				61A4456822B7456100D4976E /* NSArray+WX.m */,
				61A4456922B7456100D4976E /* NSArray+PrintChinese.m */,
				61A4456A22B7456100D4976E /* NSArray+ErrorHandle.h */,
				61A4456B22B7456100D4976E /* NSArray+WX.h */,
				61A4456C22B7456100D4976E /* NSArray+PrintChinese.h */,
			);
			path = NSArray;
			sourceTree = "<group>";
		};
		61A4457022B7456100D4976E /* NSObject */ = {
			isa = PBXGroup;
			children = (
				61A4457122B7456100D4976E /* NSObject+IsObject.h */,
				61A4457222B7456100D4976E /* NSObject+BJPaste.m */,
				61A4457322B7456100D4976E /* NSObject+KindOfClass.m */,
				61A4457422B7456100D4976E /* NSObject+IsObject.m */,
				61A4457522B7456100D4976E /* NSObject+KindOfClass.h */,
				61A4457622B7456100D4976E /* NSObject+BJPaste.h */,
			);
			path = NSObject;
			sourceTree = "<group>";
		};
		61A4457C22B7456100D4976E /* QuartzCore */ = {
			isa = PBXGroup;
			children = (
				61A4457D22B7456100D4976E /* CAShapeLayer+WX.m */,
				61A4457E22B7456100D4976E /* CALayer+WX.m */,
				61A4457F22B7456100D4976E /* CAShapeLayer+WX.h */,
				61A4458022B7456100D4976E /* CALayer+WX.h */,
			);
			name = QuartzCore;
			path = ../../QuartzCore;
			sourceTree = "<group>";
		};
		61F3A42A22BC73AD007C22F5 /* UIColor */ = {
			isa = PBXGroup;
			children = (
				61A4452F22B7456100D4976E /* UIColor+FPAlpha.h */,
				61A4452622B7456100D4976E /* UIColor+FPAlpha.m */,
				61F3A43722BC758F007C22F5 /* UIColor+CustomAlpha.h */,
				61F3A43822BC758F007C22F5 /* UIColor+CustomAlpha.m */,
				61F3A42E22BC7442007C22F5 /* UIColor+CustomButtonColor.h */,
				61F3A42F22BC7442007C22F5 /* UIColor+CustomButtonColor.m */,
				61F3A42B22BC73E3007C22F5 /* UIColor+CustomColor.h */,
				61F3A42C22BC73E3007C22F5 /* UIColor+CustomColor.m */,
				61F3A43122BC7464007C22F5 /* UIColor+CustomLabelColor.h */,
				61F3A43222BC7464007C22F5 /* UIColor+CustomLabelColor.m */,
				61F3A43422BC7536007C22F5 /* UIColor+CustomLineColor.h */,
				61F3A43522BC7536007C22F5 /* UIColor+CustomLineColor.m */,
				61A444B522B7454600D4976E /* UIColor+WX.h */,
				61A444E022B7454600D4976E /* UIColor+WX.m */,
			);
			path = UIColor;
			sourceTree = "<group>";
		};
		61F3A43A22BC77EC007C22F5 /* UIImage */ = {
			isa = PBXGroup;
			children = (
				61A4452922B7456100D4976E /* UIImage+FPOriginal.h */,
				61A4451E22B7456100D4976E /* UIImage+FPOriginal.m */,
				61A444ED22B7454600D4976E /* UIImage+Rotate_Flip.h */,
				61A444C822B7454600D4976E /* UIImage+Rotate_Flip.m */,
				61A444E722B7454600D4976E /* UIImage+WX.h */,
				61A444C422B7454600D4976E /* UIImage+WX.m */,
				61A444C122B7454600D4976E /* UIImage+WXOriginal.h */,
				61A444DE22B7454600D4976E /* UIImage+WXOriginal.m */,
			);
			path = UIImage;
			sourceTree = "<group>";
		};
/* End PBXGroup section */

/* Begin PBXNativeTarget section */
		61A4446022B743B100D4976E /* WXCategories */ = {
			isa = PBXNativeTarget;
			buildConfigurationList = 61A4448D22B743B300D4976E /* Build configuration list for PBXNativeTarget "WXCategories" */;
			buildPhases = (
				61A4445D22B743B100D4976E /* Sources */,
				61A4445E22B743B100D4976E /* Frameworks */,
				61A4445F22B743B100D4976E /* Resources */,
			);
			buildRules = (
			);
			dependencies = (
			);
			name = WXCategories;
			productName = WXCategories;
			productReference = 61A4446122B743B100D4976E /* WXCategories.app */;
			productType = "com.apple.product-type.application";
		};
		61A4447822B743B300D4976E /* WXCategoriesTests */ = {
			isa = PBXNativeTarget;
			buildConfigurationList = 61A4449022B743B300D4976E /* Build configuration list for PBXNativeTarget "WXCategoriesTests" */;
			buildPhases = (
				61A4447522B743B300D4976E /* Sources */,
				61A4447622B743B300D4976E /* Frameworks */,
				61A4447722B743B300D4976E /* Resources */,
			);
			buildRules = (
			);
			dependencies = (
				61A4447B22B743B300D4976E /* PBXTargetDependency */,
			);
			name = WXCategoriesTests;
			productName = WXCategoriesTests;
			productReference = 61A4447922B743B300D4976E /* WXCategoriesTests.xctest */;
			productType = "com.apple.product-type.bundle.unit-test";
		};
		61A4448322B743B300D4976E /* WXCategoriesUITests */ = {
			isa = PBXNativeTarget;
			buildConfigurationList = 61A4449322B743B300D4976E /* Build configuration list for PBXNativeTarget "WXCategoriesUITests" */;
			buildPhases = (
				61A4448022B743B300D4976E /* Sources */,
				61A4448122B743B300D4976E /* Frameworks */,
				61A4448222B743B300D4976E /* Resources */,
			);
			buildRules = (
			);
			dependencies = (
				61A4448622B743B300D4976E /* PBXTargetDependency */,
			);
			name = WXCategoriesUITests;
			productName = WXCategoriesUITests;
			productReference = 61A4448422B743B300D4976E /* WXCategoriesUITests.xctest */;
			productType = "com.apple.product-type.bundle.ui-testing";
		};
/* End PBXNativeTarget section */

/* Begin PBXProject section */
		61A4445922B743B100D4976E /* Project object */ = {
			isa = PBXProject;
			attributes = {
				LastUpgradeCheck = 1020;
				ORGANIZATIONNAME = "许宝吉";
				TargetAttributes = {
					61A4446022B743B100D4976E = {
						CreatedOnToolsVersion = 10.2.1;
					};
					61A4447822B743B300D4976E = {
						CreatedOnToolsVersion = 10.2.1;
						TestTargetID = 61A4446022B743B100D4976E;
					};
					61A4448322B743B300D4976E = {
						CreatedOnToolsVersion = 10.2.1;
						TestTargetID = 61A4446022B743B100D4976E;
					};
				};
			};
			buildConfigurationList = 61A4445C22B743B100D4976E /* Build configuration list for PBXProject "WXCategories" */;
			compatibilityVersion = "Xcode 9.3";
			developmentRegion = en;
			hasScannedForEncodings = 0;
			knownRegions = (
				en,
				Base,
			);
			mainGroup = 61A4445822B743B100D4976E;
			productRefGroup = 61A4446222B743B100D4976E /* Products */;
			projectDirPath = "";
			projectRoot = "";
			targets = (
				61A4446022B743B100D4976E /* WXCategories */,
				61A4447822B743B300D4976E /* WXCategoriesTests */,
				61A4448322B743B300D4976E /* WXCategoriesUITests */,
			);
		};
/* End PBXProject section */

/* Begin PBXResourcesBuildPhase section */
		61A4445F22B743B100D4976E /* Resources */ = {
			isa = PBXResourcesBuildPhase;
			buildActionMask = 2147483647;
			files = (
				61A4447122B743B300D4976E /* LaunchScreen.storyboard in Resources */,
				61A4446E22B743B300D4976E /* Assets.xcassets in Resources */,
				61A4446C22B743B100D4976E /* Main.storyboard in Resources */,
			);
			runOnlyForDeploymentPostprocessing = 0;
		};
		61A4447722B743B300D4976E /* Resources */ = {
			isa = PBXResourcesBuildPhase;
			buildActionMask = 2147483647;
			files = (
			);
			runOnlyForDeploymentPostprocessing = 0;
		};
		61A4448222B743B300D4976E /* Resources */ = {
			isa = PBXResourcesBuildPhase;
			buildActionMask = 2147483647;
			files = (
			);
			runOnlyForDeploymentPostprocessing = 0;
		};
/* End PBXResourcesBuildPhase section */

/* Begin PBXSourcesBuildPhase section */
		61A4445D22B743B100D4976E /* Sources */ = {
			isa = PBXSourcesBuildPhase;
			buildActionMask = 2147483647;
			files = (
				61A4446922B743B100D4976E /* ViewController.m in Sources */,
				61A4451322B7454600D4976E /* UIColor+WX.m in Sources */,
				61A4459322B7456200D4976E /* NSCalendar+WX.m in Sources */,
				61A4450F22B7454600D4976E /* UINavigationController+WX.m in Sources */,
				61A4458B22B7456200D4976E /* UIView+FPSetFrame.m in Sources */,
				61A445AD22B7456200D4976E /* NSURLRequest+WX.m in Sources */,
				61A444FC22B7454600D4976E /* UINib+WXConstructor.m in Sources */,
				61A444F622B7454600D4976E /* UIButton+IBLayerTitle.m in Sources */,
				61A444F422B7454600D4976E /* UIButton+Image.m in Sources */,
				61A4450E22B7454600D4976E /* UINavigationController+WXInitModel.m in Sources */,
				61A4459F22B7456200D4976E /* NSString+Base64.m in Sources */,
				61A445AF22B7456200D4976E /* CALayer+WX.m in Sources */,
				61A4450922B7454600D4976E /* UITextField+WX.m in Sources */,
				61A4458122B7456200D4976E /* AVAudioPlayer+WX.m in Sources */,
				61A4458D22B7456200D4976E /* NSString+FPSandBox.m in Sources */,
				61A4451222B7454600D4976E /* UIImage+WXOriginal.m in Sources */,
				61A4458622B7456200D4976E /* UIView+FPLayer.m in Sources */,
				61A4458822B7456200D4976E /* UIView+FPGetFrame.m in Sources */,
				61A444F322B7454600D4976E /* UIAlertController+Alert.m in Sources */,
				61A445A822B7456200D4976E /* NSObject+BJPaste.m in Sources */,
				61A445A422B7456200D4976E /* NSArray+WX.m in Sources */,
				61A445AB22B7456200D4976E /* NSScanner+WX.m in Sources */,
				61A4451422B7454600D4976E /* UIDatePicker+WX.m in Sources */,
				61A4459722B7456200D4976E /* NSString+notEmpty.m in Sources */,
				61A4450322B7454600D4976E /* UIImageView+WX.m in Sources */,
				61A444F222B7454600D4976E /* UIApplication+WX.m in Sources */,
				61A4458522B7456200D4976E /* UIView+FPSetCenter.m in Sources */,
				61A4458922B7456200D4976E /* UIButton+FPLayer.m in Sources */,
				61A4459022B7456200D4976E /* NSArray+FPPrintChinese.m in Sources */,
				61A445A922B7456200D4976E /* NSObject+KindOfClass.m in Sources */,
				61F3A43622BC7536007C22F5 /* UIColor+CustomLineColor.m in Sources */,
				61A444FD22B7454600D4976E /* UIBarButtonItem+WX.m in Sources */,
				61A4458722B7456200D4976E /* UIView+FPConstructor.m in Sources */,
				61A4459922B7456200D4976E /* NSNotificationCenter+WX.m in Sources */,
				61A4450222B7454600D4976E /* UIView+IBLayer.m in Sources */,
				61A4459A22B7456200D4976E /* NSFileManager+WX.m in Sources */,
				61A444F822B7454600D4976E /* UIButton+EventInterval.m in Sources */,
				61A4447422B743B300D4976E /* main.m in Sources */,
				61A4458C22B7456200D4976E /* UIScreen+FPBounds.m in Sources */,
				61F3A43922BC758F007C22F5 /* UIColor+CustomAlpha.m in Sources */,
				61A4459B22B7456200D4976E /* NSFileManager+Constructor.m in Sources */,
				61A444FE22B7454600D4976E /* UIView+WX.m in Sources */,
				61A4450822B7454600D4976E /* UIActionSheet+WX.m in Sources */,
				61A4450D22B7454600D4976E /* UIViewController+BackToViewController.m in Sources */,
				61A4459422B7456200D4976E /* NSDate+WX.m in Sources */,
				61A4458F22B7456200D4976E /* NSDictionary+FPPrintChinese.m in Sources */,
				61A444EE22B7454600D4976E /* UIAlertView+WX.m in Sources */,
				61A4459122B7456200D4976E /* NSDictionary+WX.m in Sources */,
				61F3A42D22BC73E3007C22F5 /* UIColor+CustomColor.m in Sources */,
				61A444FF22B7454600D4976E /* UIView+WXNIb.m in Sources */,
				61A444F522B7454600D4976E /* UIButton+ImageName.m in Sources */,
				61A445AC22B7456200D4976E /* NSMutableDictionary+WX.m in Sources */,
				61A445B222B7667C00D4976E /* UIView+WXShortcuts.m in Sources */,
				61A445A722B7456200D4976E /* NSCharacterSet+SpecialCharacters.m in Sources */,
				61A4451122B7454600D4976E /* UITabBarItem+WX.m in Sources */,
				61A444FB22B7454600D4976E /* UITableViewCell+ClassName.m in Sources */,
				61A4458422B7456200D4976E /* UIButton+FPTitle.m in Sources */,
				61A4459222B7456200D4976E /* NSDictionary+PrintChinese.m in Sources */,
				61A4450722B7454600D4976E /* UIImage+Rotate_Flip.m in Sources */,
				61A4450122B7454600D4976E /* UIView+WXCenter.m in Sources */,
				61A4450622B7454600D4976E /* UIAlertController+WX.m in Sources */,
				61A4451022B7454600D4976E /* WXUINavigationControllerInitInfo.m in Sources */,
				61A4459622B7456200D4976E /* NSBundle+WX.m in Sources */,
				61A4450C22B7454600D4976E /* UIViewController+WX.m in Sources */,
				61A445A222B7456200D4976E /* NSString+WX.m in Sources */,
				61A444EF22B7454600D4976E /* UIStoryboard+WX.m in Sources */,
				61A4459C22B7456200D4976E /* NSDateFormatter+WX.m in Sources */,
				61A4458A22B7456200D4976E /* UIColor+FPAlpha.m in Sources */,
				61A444F922B7454600D4976E /* UIButton+WX.m in Sources */,
				61A4459822B7456200D4976E /* NSBundle+XYLanguage.m in Sources */,
				61A4450B22B7454600D4976E /* UIViewController+Notification.m in Sources */,
				61F3A43322BC7464007C22F5 /* UIColor+CustomLabelColor.m in Sources */,
				61A4446622B743B100D4976E /* AppDelegate.m in Sources */,
				61A445AA22B7456200D4976E /* NSObject+IsObject.m in Sources */,
				61A445AE22B7456200D4976E /* CAShapeLayer+WX.m in Sources */,
				61A444F022B7454600D4976E /* UIApplicationCustomConstant.m in Sources */,
				61A4459D22B7456200D4976E /* NSMutableArray+ErrorHandle.m in Sources */,
				61A4458322B7456200D4976E /* UIImage+FPOriginal.m in Sources */,
				61A4459E22B7456200D4976E /* NSString+Prejudge.m in Sources */,
				61A445A322B7456200D4976E /* NSArray+ErrorHandle.m in Sources */,
				61A445A022B7456200D4976E /* NSString+Extension.m in Sources */,
				61F3A43022BC7442007C22F5 /* UIColor+CustomButtonColor.m in Sources */,
				61A4450522B7454600D4976E /* UITableView+WX.m in Sources */,
				61A445A622B7456200D4976E /* NSUUID+WX.m in Sources */,
				61A445A522B7456200D4976E /* NSArray+PrintChinese.m in Sources */,
				61A4450A22B7454600D4976E /* UIWebView+WX.m in Sources */,
				61A444FA22B7454600D4976E /* UIButton+Util.m in Sources */,
				61A4450022B7454600D4976E /* UIView+WXFrame.m in Sources */,
				61A4458222B7456200D4976E /* AVURLAsset+WX.m in Sources */,
				61A4451522B7454600D4976E /* UICollectionView+WX.m in Sources */,
				61A4459522B7456200D4976E /* NSBundle+Visual.m in Sources */,
				61A4451622B7454600D4976E /* UINavigationBar+WX.m in Sources */,
				61A444F122B7454600D4976E /* UIApplication+Url.m in Sources */,
				61A445A122B7456200D4976E /* NSString+Color.m in Sources */,
				61A4458E22B7456200D4976E /* NSString+FPMutableAttributedString.m in Sources */,
				61A4450422B7454600D4976E /* UIImage+WX.m in Sources */,
				61A444F722B7454600D4976E /* UIButton+TitleColor.m in Sources */,
			);
			runOnlyForDeploymentPostprocessing = 0;
		};
		61A4447522B743B300D4976E /* Sources */ = {
			isa = PBXSourcesBuildPhase;
			buildActionMask = 2147483647;
			files = (
				61A4447E22B743B300D4976E /* WXCategoriesTests.m in Sources */,
			);
			runOnlyForDeploymentPostprocessing = 0;
		};
		61A4448022B743B300D4976E /* Sources */ = {
			isa = PBXSourcesBuildPhase;
			buildActionMask = 2147483647;
			files = (
				61A4448922B743B300D4976E /* WXCategoriesUITests.m in Sources */,
			);
			runOnlyForDeploymentPostprocessing = 0;
		};
/* End PBXSourcesBuildPhase section */

/* Begin PBXTargetDependency section */
		61A4447B22B743B300D4976E /* PBXTargetDependency */ = {
			isa = PBXTargetDependency;
			target = 61A4446022B743B100D4976E /* WXCategories */;
			targetProxy = 61A4447A22B743B300D4976E /* PBXContainerItemProxy */;
		};
		61A4448622B743B300D4976E /* PBXTargetDependency */ = {
			isa = PBXTargetDependency;
			target = 61A4446022B743B100D4976E /* WXCategories */;
			targetProxy = 61A4448522B743B300D4976E /* PBXContainerItemProxy */;
		};
/* End PBXTargetDependency section */

/* Begin PBXVariantGroup section */
		61A4446A22B743B100D4976E /* Main.storyboard */ = {
			isa = PBXVariantGroup;
			children = (
				61A4446B22B743B100D4976E /* Base */,
			);
			name = Main.storyboard;
			sourceTree = "<group>";
		};
		61A4446F22B743B300D4976E /* LaunchScreen.storyboard */ = {
			isa = PBXVariantGroup;
			children = (
				61A4447022B743B300D4976E /* Base */,
			);
			name = LaunchScreen.storyboard;
			sourceTree = "<group>";
		};
/* End PBXVariantGroup section */

/* Begin XCBuildConfiguration section */
		61A4448B22B743B300D4976E /* Debug */ = {
			isa = XCBuildConfiguration;
			buildSettings = {
				ALWAYS_SEARCH_USER_PATHS = NO;
				CLANG_ANALYZER_NONNULL = YES;
				CLANG_ANALYZER_NUMBER_OBJECT_CONVERSION = YES_AGGRESSIVE;
				CLANG_CXX_LANGUAGE_STANDARD = "gnu++14";
				CLANG_CXX_LIBRARY = "libc++";
				CLANG_ENABLE_MODULES = YES;
				CLANG_ENABLE_OBJC_ARC = YES;
				CLANG_ENABLE_OBJC_WEAK = YES;
				CLANG_WARN_BLOCK_CAPTURE_AUTORELEASING = YES;
				CLANG_WARN_BOOL_CONVERSION = YES;
				CLANG_WARN_COMMA = YES;
				CLANG_WARN_CONSTANT_CONVERSION = YES;
				CLANG_WARN_DEPRECATED_OBJC_IMPLEMENTATIONS = YES;
				CLANG_WARN_DIRECT_OBJC_ISA_USAGE = YES_ERROR;
				CLANG_WARN_DOCUMENTATION_COMMENTS = YES;
				CLANG_WARN_EMPTY_BODY = YES;
				CLANG_WARN_ENUM_CONVERSION = YES;
				CLANG_WARN_INFINITE_RECURSION = YES;
				CLANG_WARN_INT_CONVERSION = YES;
				CLANG_WARN_NON_LITERAL_NULL_CONVERSION = YES;
				CLANG_WARN_OBJC_IMPLICIT_RETAIN_SELF = YES;
				CLANG_WARN_OBJC_LITERAL_CONVERSION = YES;
				CLANG_WARN_OBJC_ROOT_CLASS = YES_ERROR;
				CLANG_WARN_RANGE_LOOP_ANALYSIS = YES;
				CLANG_WARN_STRICT_PROTOTYPES = YES;
				CLANG_WARN_SUSPICIOUS_MOVE = YES;
				CLANG_WARN_UNGUARDED_AVAILABILITY = YES_AGGRESSIVE;
				CLANG_WARN_UNREACHABLE_CODE = YES;
				CLANG_WARN__DUPLICATE_METHOD_MATCH = YES;
				CODE_SIGN_IDENTITY = "iPhone Developer";
				COPY_PHASE_STRIP = NO;
				DEBUG_INFORMATION_FORMAT = dwarf;
				ENABLE_STRICT_OBJC_MSGSEND = YES;
				ENABLE_TESTABILITY = YES;
				GCC_C_LANGUAGE_STANDARD = gnu11;
				GCC_DYNAMIC_NO_PIC = NO;
				GCC_NO_COMMON_BLOCKS = YES;
				GCC_OPTIMIZATION_LEVEL = 0;
				GCC_PREPROCESSOR_DEFINITIONS = (
					"DEBUG=1",
					"$(inherited)",
				);
				GCC_WARN_64_TO_32_BIT_CONVERSION = YES;
				GCC_WARN_ABOUT_RETURN_TYPE = YES_ERROR;
				GCC_WARN_UNDECLARED_SELECTOR = YES;
				GCC_WARN_UNINITIALIZED_AUTOS = YES_AGGRESSIVE;
				GCC_WARN_UNUSED_FUNCTION = YES;
				GCC_WARN_UNUSED_VARIABLE = YES;
				IPHONEOS_DEPLOYMENT_TARGET = 12.2;
				MTL_ENABLE_DEBUG_INFO = INCLUDE_SOURCE;
				MTL_FAST_MATH = YES;
				ONLY_ACTIVE_ARCH = YES;
				SDKROOT = iphoneos;
			};
			name = Debug;
		};
		61A4448C22B743B300D4976E /* Release */ = {
			isa = XCBuildConfiguration;
			buildSettings = {
				ALWAYS_SEARCH_USER_PATHS = NO;
				CLANG_ANALYZER_NONNULL = YES;
				CLANG_ANALYZER_NUMBER_OBJECT_CONVERSION = YES_AGGRESSIVE;
				CLANG_CXX_LANGUAGE_STANDARD = "gnu++14";
				CLANG_CXX_LIBRARY = "libc++";
				CLANG_ENABLE_MODULES = YES;
				CLANG_ENABLE_OBJC_ARC = YES;
				CLANG_ENABLE_OBJC_WEAK = YES;
				CLANG_WARN_BLOCK_CAPTURE_AUTORELEASING = YES;
				CLANG_WARN_BOOL_CONVERSION = YES;
				CLANG_WARN_COMMA = YES;
				CLANG_WARN_CONSTANT_CONVERSION = YES;
				CLANG_WARN_DEPRECATED_OBJC_IMPLEMENTATIONS = YES;
				CLANG_WARN_DIRECT_OBJC_ISA_USAGE = YES_ERROR;
				CLANG_WARN_DOCUMENTATION_COMMENTS = YES;
				CLANG_WARN_EMPTY_BODY = YES;
				CLANG_WARN_ENUM_CONVERSION = YES;
				CLANG_WARN_INFINITE_RECURSION = YES;
				CLANG_WARN_INT_CONVERSION = YES;
				CLANG_WARN_NON_LITERAL_NULL_CONVERSION = YES;
				CLANG_WARN_OBJC_IMPLICIT_RETAIN_SELF = YES;
				CLANG_WARN_OBJC_LITERAL_CONVERSION = YES;
				CLANG_WARN_OBJC_ROOT_CLASS = YES_ERROR;
				CLANG_WARN_RANGE_LOOP_ANALYSIS = YES;
				CLANG_WARN_STRICT_PROTOTYPES = YES;
				CLANG_WARN_SUSPICIOUS_MOVE = YES;
				CLANG_WARN_UNGUARDED_AVAILABILITY = YES_AGGRESSIVE;
				CLANG_WARN_UNREACHABLE_CODE = YES;
				CLANG_WARN__DUPLICATE_METHOD_MATCH = YES;
				CODE_SIGN_IDENTITY = "iPhone Developer";
				COPY_PHASE_STRIP = NO;
				DEBUG_INFORMATION_FORMAT = "dwarf-with-dsym";
				ENABLE_NS_ASSERTIONS = NO;
				ENABLE_STRICT_OBJC_MSGSEND = YES;
				GCC_C_LANGUAGE_STANDARD = gnu11;
				GCC_NO_COMMON_BLOCKS = YES;
				GCC_WARN_64_TO_32_BIT_CONVERSION = YES;
				GCC_WARN_ABOUT_RETURN_TYPE = YES_ERROR;
				GCC_WARN_UNDECLARED_SELECTOR = YES;
				GCC_WARN_UNINITIALIZED_AUTOS = YES_AGGRESSIVE;
				GCC_WARN_UNUSED_FUNCTION = YES;
				GCC_WARN_UNUSED_VARIABLE = YES;
				IPHONEOS_DEPLOYMENT_TARGET = 12.2;
				MTL_ENABLE_DEBUG_INFO = NO;
				MTL_FAST_MATH = YES;
				SDKROOT = iphoneos;
				VALIDATE_PRODUCT = YES;
			};
			name = Release;
		};
		61A4448E22B743B300D4976E /* Debug */ = {
			isa = XCBuildConfiguration;
			buildSettings = {
				ASSETCATALOG_COMPILER_APPICON_NAME = AppIcon;
				CODE_SIGN_STYLE = Automatic;
				DEVELOPMENT_TEAM = VH77XRMLB7;
				INFOPLIST_FILE = WXCategories/Info.plist;
				LD_RUNPATH_SEARCH_PATHS = (
					"$(inherited)",
					"@executable_path/Frameworks",
				);
				PRODUCT_BUNDLE_IDENTIFIER = com.wxpasta.WXCategories;
				PRODUCT_NAME = "$(TARGET_NAME)";
				TARGETED_DEVICE_FAMILY = "1,2";
			};
			name = Debug;
		};
		61A4448F22B743B300D4976E /* Release */ = {
			isa = XCBuildConfiguration;
			buildSettings = {
				ASSETCATALOG_COMPILER_APPICON_NAME = AppIcon;
				CODE_SIGN_STYLE = Automatic;
				DEVELOPMENT_TEAM = VH77XRMLB7;
				INFOPLIST_FILE = WXCategories/Info.plist;
				LD_RUNPATH_SEARCH_PATHS = (
					"$(inherited)",
					"@executable_path/Frameworks",
				);
				PRODUCT_BUNDLE_IDENTIFIER = com.wxpasta.WXCategories;
				PRODUCT_NAME = "$(TARGET_NAME)";
				TARGETED_DEVICE_FAMILY = "1,2";
			};
			name = Release;
		};
		61A4449122B743B300D4976E /* Debug */ = {
			isa = XCBuildConfiguration;
			buildSettings = {
				BUNDLE_LOADER = "$(TEST_HOST)";
				CODE_SIGN_STYLE = Automatic;
				DEVELOPMENT_TEAM = VH77XRMLB7;
				INFOPLIST_FILE = WXCategoriesTests/Info.plist;
				LD_RUNPATH_SEARCH_PATHS = (
					"$(inherited)",
					"@executable_path/Frameworks",
					"@loader_path/Frameworks",
				);
				PRODUCT_BUNDLE_IDENTIFIER = com.wxpasta.WXCategoriesTests;
				PRODUCT_NAME = "$(TARGET_NAME)";
				TARGETED_DEVICE_FAMILY = "1,2";
				TEST_HOST = "$(BUILT_PRODUCTS_DIR)/WXCategories.app/WXCategories";
			};
			name = Debug;
		};
		61A4449222B743B300D4976E /* Release */ = {
			isa = XCBuildConfiguration;
			buildSettings = {
				BUNDLE_LOADER = "$(TEST_HOST)";
				CODE_SIGN_STYLE = Automatic;
				DEVELOPMENT_TEAM = VH77XRMLB7;
				INFOPLIST_FILE = WXCategoriesTests/Info.plist;
				LD_RUNPATH_SEARCH_PATHS = (
					"$(inherited)",
					"@executable_path/Frameworks",
					"@loader_path/Frameworks",
				);
				PRODUCT_BUNDLE_IDENTIFIER = com.wxpasta.WXCategoriesTests;
				PRODUCT_NAME = "$(TARGET_NAME)";
				TARGETED_DEVICE_FAMILY = "1,2";
				TEST_HOST = "$(BUILT_PRODUCTS_DIR)/WXCategories.app/WXCategories";
			};
			name = Release;
		};
		61A4449422B743B300D4976E /* Debug */ = {
			isa = XCBuildConfiguration;
			buildSettings = {
				CODE_SIGN_STYLE = Automatic;
				DEVELOPMENT_TEAM = VH77XRMLB7;
				INFOPLIST_FILE = WXCategoriesUITests/Info.plist;
				LD_RUNPATH_SEARCH_PATHS = (
					"$(inherited)",
					"@executable_path/Frameworks",
					"@loader_path/Frameworks",
				);
				PRODUCT_BUNDLE_IDENTIFIER = com.wxpasta.WXCategoriesUITests;
				PRODUCT_NAME = "$(TARGET_NAME)";
				TARGETED_DEVICE_FAMILY = "1,2";
				TEST_TARGET_NAME = WXCategories;
			};
			name = Debug;
		};
		61A4449522B743B300D4976E /* Release */ = {
			isa = XCBuildConfiguration;
			buildSettings = {
				CODE_SIGN_STYLE = Automatic;
				DEVELOPMENT_TEAM = VH77XRMLB7;
				INFOPLIST_FILE = WXCategoriesUITests/Info.plist;
				LD_RUNPATH_SEARCH_PATHS = (
					"$(inherited)",
					"@executable_path/Frameworks",
					"@loader_path/Frameworks",
				);
				PRODUCT_BUNDLE_IDENTIFIER = com.wxpasta.WXCategoriesUITests;
				PRODUCT_NAME = "$(TARGET_NAME)";
				TARGETED_DEVICE_FAMILY = "1,2";
				TEST_TARGET_NAME = WXCategories;
			};
			name = Release;
		};
/* End XCBuildConfiguration section */

/* Begin XCConfigurationList section */
		61A4445C22B743B100D4976E /* Build configuration list for PBXProject "WXCategories" */ = {
			isa = XCConfigurationList;
			buildConfigurations = (
				61A4448B22B743B300D4976E /* Debug */,
				61A4448C22B743B300D4976E /* Release */,
			);
			defaultConfigurationIsVisible = 0;
			defaultConfigurationName = Release;
		};
		61A4448D22B743B300D4976E /* Build configuration list for PBXNativeTarget "WXCategories" */ = {
			isa = XCConfigurationList;
			buildConfigurations = (
				61A4448E22B743B300D4976E /* Debug */,
				61A4448F22B743B300D4976E /* Release */,
			);
			defaultConfigurationIsVisible = 0;
			defaultConfigurationName = Release;
		};
		61A4449022B743B300D4976E /* Build configuration list for PBXNativeTarget "WXCategoriesTests" */ = {
			isa = XCConfigurationList;
			buildConfigurations = (
				61A4449122B743B300D4976E /* Debug */,
				61A4449222B743B300D4976E /* Release */,
			);
			defaultConfigurationIsVisible = 0;
			defaultConfigurationName = Release;
		};
		61A4449322B743B300D4976E /* Build configuration list for PBXNativeTarget "WXCategoriesUITests" */ = {
			isa = XCConfigurationList;
			buildConfigurations = (
				61A4449422B743B300D4976E /* Debug */,
				61A4449522B743B300D4976E /* Release */,
			);
			defaultConfigurationIsVisible = 0;
			defaultConfigurationName = Release;
		};
/* End XCConfigurationList section */
	};
	rootObject = 61A4445922B743B100D4976E /* Project object */;
}
